{
  "version": 4,
  "terraform_version": "1.13.4",
  "serial": 142,
  "lineage": "ede4fe97-238e-bc00-f175-83eb101e58dc",
  "outputs": {},
  "resources": [
    {
      "module": "module.authentication_server",
      "mode": "managed",
      "type": "github_actions_repository_permissions",
      "name": "actions_repository_permissions",
      "provider": "module.authentication_server.provider[\"registry.terraform.io/hashicorp/github\"]",
      "instances": [
        {
          "schema_version": 0,
          "attributes": {
            "allowed_actions": "selected",
            "allowed_actions_config": [
              {
                "github_owned_allowed": true,
                "patterns_allowed": null,
                "verified_allowed": true
              }
            ],
            "enabled": true,
            "id": "authentication-server",
            "repository": "authentication-server"
          },
          "sensitive_attributes": [],
          "identity_schema_version": 0,
          "private": "bnVsbA==",
          "dependencies": [
            "module.authentication_server.github_repository.repository"
          ]
        }
      ]
    },
    {
      "module": "module.authentication_server",
      "mode": "managed",
      "type": "github_branch_default",
      "name": "main_branch_default",
      "provider": "module.authentication_server.provider[\"registry.terraform.io/hashicorp/github\"]",
      "instances": [
        {
          "schema_version": 0,
          "attributes": {
            "branch": "main",
            "etag": "W/\"8ffc9f1a4755f8567b76b8be6a800bac32bb5d65137036551ea474e04a3803f5\"",
            "id": "authentication-server",
            "rename": false,
            "repository": "authentication-server"
          },
          "sensitive_attributes": [],
          "identity_schema_version": 0,
          "private": "bnVsbA==",
          "dependencies": [
            "module.authentication_server.github_repository.repository"
          ]
        }
      ]
    },
    {
      "module": "module.authentication_server",
      "mode": "managed",
      "type": "github_branch_protection",
      "name": "main_branch_protection",
      "provider": "module.authentication_server.provider[\"registry.terraform.io/hashicorp/github\"]",
      "instances": [
        {
          "schema_version": 2,
          "attributes": {
            "allows_deletions": false,
            "allows_force_pushes": false,
            "enforce_admins": true,
            "force_push_bypassers": null,
            "id": "BPR_kwDOQMPDKM4EIFrY",
            "lock_branch": false,
            "pattern": "main",
            "repository_id": "R_kgDOQMPDKA",
            "require_conversation_resolution": true,
            "require_signed_commits": false,
            "required_linear_history": false,
            "required_pull_request_reviews": [
              {
                "dismiss_stale_reviews": true,
                "dismissal_restrictions": null,
                "pull_request_bypassers": null,
                "require_code_owner_reviews": false,
                "require_last_push_approval": false,
                "required_approving_review_count": 0,
                "restrict_dismissals": false
              }
            ],
            "required_status_checks": [
              {
                "contexts": null,
                "strict": true
              }
            ],
            "restrict_pushes": []
          },
          "sensitive_attributes": [],
          "identity_schema_version": 0,
          "private": "eyJzY2hlbWFfdmVyc2lvbiI6IjIifQ==",
          "dependencies": [
            "module.authentication_server.github_repository.repository"
          ]
        }
      ]
    },
    {
      "module": "module.authentication_server",
      "mode": "managed",
      "type": "github_repository",
      "name": "repository",
      "provider": "module.authentication_server.provider[\"registry.terraform.io/hashicorp/github\"]",
      "instances": [
        {
          "schema_version": 1,
          "attributes": {
            "allow_auto_merge": true,
            "allow_merge_commit": false,
            "allow_rebase_merge": true,
            "allow_squash_merge": true,
            "allow_update_branch": true,
            "archive_on_destroy": true,
            "archived": false,
            "auto_init": true,
            "default_branch": "main",
            "delete_branch_on_merge": true,
            "description": "Node.js authentication server",
            "etag": "W/\"a37b40b727158d5352d7e4d94ba80a1c1551091794396b4c3f2a720cea9d0055\"",
            "full_name": "shahid-2020/authentication-server",
            "git_clone_url": "git://github.com/shahid-2020/authentication-server.git",
            "gitignore_template": "Node",
            "has_discussions": true,
            "has_downloads": false,
            "has_issues": true,
            "has_projects": false,
            "has_wiki": false,
            "homepage_url": "",
            "html_url": "https://github.com/shahid-2020/authentication-server",
            "http_clone_url": "https://github.com/shahid-2020/authentication-server.git",
            "id": "authentication-server",
            "ignore_vulnerability_alerts_during_read": null,
            "is_template": false,
            "license_template": "mit",
            "merge_commit_message": "PR_TITLE",
            "merge_commit_title": "MERGE_MESSAGE",
            "name": "authentication-server",
            "node_id": "R_kgDOQMPDKA",
            "pages": [],
            "primary_language": "",
            "private": false,
            "repo_id": 1086571304,
            "security_and_analysis": [
              {
                "advanced_security": [],
                "secret_scanning": [
                  {
                    "status": "enabled"
                  }
                ],
                "secret_scanning_push_protection": [
                  {
                    "status": "enabled"
                  }
                ]
              }
            ],
            "squash_merge_commit_message": "PR_BODY",
            "squash_merge_commit_title": "PR_TITLE",
            "ssh_clone_url": "git@github.com:shahid-2020/authentication-server.git",
            "svn_url": "https://github.com/shahid-2020/authentication-server",
            "template": [],
            "topics": [
              "javascript",
              "nodejs",
              "typescript"
            ],
            "visibility": "public",
            "vulnerability_alerts": true,
            "web_commit_signoff_required": false
          },
          "sensitive_attributes": [],
          "identity_schema_version": 0,
          "private": "eyJzY2hlbWFfdmVyc2lvbiI6IjEifQ=="
        }
      ]
    },
    {
      "module": "module.authentication_server",
      "mode": "managed",
      "type": "github_repository_dependabot_security_updates",
      "name": "dependabot_security_updates",
      "provider": "module.authentication_server.provider[\"registry.terraform.io/hashicorp/github\"]",
      "instances": [
        {
          "schema_version": 0,
          "attributes": {
            "enabled": true,
            "id": "authentication-server",
            "repository": "authentication-server"
          },
          "sensitive_attributes": [],
          "identity_schema_version": 0,
          "private": "bnVsbA==",
          "dependencies": [
            "module.authentication_server.github_repository.repository"
          ]
        }
      ]
    },
    {
      "module": "module.gohlcv",
      "mode": "managed",
      "type": "github_actions_repository_permissions",
      "name": "actions_repository_permissions",
      "provider": "module.gohlcv.provider[\"registry.terraform.io/hashicorp/github\"]",
      "instances": [
        {
          "schema_version": 0,
          "attributes": {
            "allowed_actions": "selected",
            "allowed_actions_config": [
              {
                "github_owned_allowed": true,
                "patterns_allowed": [],
                "verified_allowed": true
              }
            ],
            "enabled": true,
            "id": "gohlcv",
            "repository": "gohlcv"
          },
          "sensitive_attributes": [],
          "identity_schema_version": 0,
          "private": "bnVsbA==",
          "dependencies": [
            "module.gohlcv.github_repository.repository"
          ]
        }
      ]
    },
    {
      "module": "module.gohlcv",
      "mode": "managed",
      "type": "github_branch_default",
      "name": "main_branch_default",
      "provider": "module.gohlcv.provider[\"registry.terraform.io/hashicorp/github\"]",
      "instances": [
        {
          "schema_version": 0,
          "attributes": {
            "branch": "main",
            "etag": "W/\"87063360eaefc7700ec2a998241059b54b9e458f2559c7d514cf38753519d276\"",
            "id": "gohlcv",
            "rename": false,
            "repository": "gohlcv"
          },
          "sensitive_attributes": [],
          "identity_schema_version": 0,
          "private": "bnVsbA==",
          "dependencies": [
            "module.gohlcv.github_repository.repository"
          ]
        }
      ]
    },
    {
      "module": "module.gohlcv",
      "mode": "managed",
      "type": "github_branch_protection",
      "name": "main_branch_protection",
      "provider": "module.gohlcv.provider[\"registry.terraform.io/hashicorp/github\"]",
      "instances": [
        {
          "schema_version": 2,
          "attributes": {
            "allows_deletions": false,
            "allows_force_pushes": false,
            "enforce_admins": true,
            "force_push_bypassers": [],
            "id": "BPR_kwDOP4i6fc4EDjsH",
            "lock_branch": false,
            "pattern": "main",
            "repository_id": "R_kgDOP4i6fQ",
            "require_conversation_resolution": true,
            "require_signed_commits": false,
            "required_linear_history": false,
            "required_pull_request_reviews": [
              {
                "dismiss_stale_reviews": true,
                "dismissal_restrictions": [],
                "pull_request_bypassers": [],
                "require_code_owner_reviews": false,
                "require_last_push_approval": false,
                "required_approving_review_count": 0,
                "restrict_dismissals": false
              }
            ],
            "required_status_checks": [
              {
                "contexts": [],
                "strict": true
              }
            ],
            "restrict_pushes": []
          },
          "sensitive_attributes": [],
          "identity_schema_version": 0,
          "private": "eyJzY2hlbWFfdmVyc2lvbiI6IjIifQ==",
          "dependencies": [
            "module.gohlcv.github_repository.repository"
          ]
        }
      ]
    },
    {
      "module": "module.gohlcv",
      "mode": "managed",
      "type": "github_repository",
      "name": "repository",
      "provider": "module.gohlcv.provider[\"registry.terraform.io/hashicorp/github\"]",
      "instances": [
        {
          "schema_version": 1,
          "attributes": {
            "allow_auto_merge": true,
            "allow_merge_commit": false,
            "allow_rebase_merge": true,
            "allow_squash_merge": true,
            "allow_update_branch": true,
            "archive_on_destroy": true,
            "archived": false,
            "auto_init": true,
            "default_branch": "main",
            "delete_branch_on_merge": true,
            "description": "Go library for OHLCV (Open, High, Low, Close, Volume) market data from multiple providers",
            "etag": "W/\"87063360eaefc7700ec2a998241059b54b9e458f2559c7d514cf38753519d276\"",
            "full_name": "shahid-2020/gohlcv",
            "git_clone_url": "git://github.com/shahid-2020/gohlcv.git",
            "gitignore_template": "Go",
            "has_discussions": true,
            "has_downloads": false,
            "has_issues": true,
            "has_projects": false,
            "has_wiki": false,
            "homepage_url": "",
            "html_url": "https://github.com/shahid-2020/gohlcv",
            "http_clone_url": "https://github.com/shahid-2020/gohlcv.git",
            "id": "gohlcv",
            "ignore_vulnerability_alerts_during_read": null,
            "is_template": false,
            "license_template": "mit",
            "merge_commit_message": "PR_TITLE",
            "merge_commit_title": "MERGE_MESSAGE",
            "name": "gohlcv",
            "node_id": "R_kgDOP4i6fQ",
            "pages": [],
            "primary_language": "Go",
            "private": false,
            "repo_id": 1065925245,
            "security_and_analysis": [
              {
                "advanced_security": [],
                "secret_scanning": [
                  {
                    "status": "enabled"
                  }
                ],
                "secret_scanning_push_protection": [
                  {
                    "status": "enabled"
                  }
                ]
              }
            ],
            "squash_merge_commit_message": "PR_BODY",
            "squash_merge_commit_title": "PR_TITLE",
            "ssh_clone_url": "git@github.com:shahid-2020/gohlcv.git",
            "svn_url": "https://github.com/shahid-2020/gohlcv",
            "template": [],
            "topics": [
              "go",
              "market-data",
              "ohlcv"
            ],
            "visibility": "public",
            "vulnerability_alerts": true,
            "web_commit_signoff_required": false
          },
          "sensitive_attributes": [],
          "identity_schema_version": 0,
          "private": "eyJzY2hlbWFfdmVyc2lvbiI6IjEifQ=="
        }
      ]
    },
    {
      "module": "module.gohlcv",
      "mode": "managed",
      "type": "github_repository_dependabot_security_updates",
      "name": "dependabot_security_updates",
      "provider": "module.gohlcv.provider[\"registry.terraform.io/hashicorp/github\"]",
      "instances": [
        {
          "schema_version": 0,
          "attributes": {
            "enabled": true,
            "id": "gohlcv",
            "repository": "gohlcv"
          },
          "sensitive_attributes": [],
          "identity_schema_version": 0,
          "private": "bnVsbA==",
          "dependencies": [
            "module.gohlcv.github_repository.repository"
          ]
        }
      ]
    },
    {
      "module": "module.infrastructure_aws_manager",
      "mode": "managed",
      "type": "github_actions_repository_permissions",
      "name": "actions_repository_permissions",
      "provider": "module.infrastructure_aws_manager.provider[\"registry.terraform.io/hashicorp/github\"]",
      "instances": [
        {
          "schema_version": 0,
          "attributes": {
            "allowed_actions": "selected",
            "allowed_actions_config": [
              {
                "github_owned_allowed": true,
                "patterns_allowed": [],
                "verified_allowed": true
              }
            ],
            "enabled": true,
            "id": "infrastructure-aws-manager",
            "repository": "infrastructure-aws-manager"
          },
          "sensitive_attributes": [],
          "identity_schema_version": 0,
          "private": "bnVsbA==",
          "dependencies": [
            "module.infrastructure_aws_manager.github_repository.repository"
          ]
        }
      ]
    },
    {
      "module": "module.infrastructure_aws_manager",
      "mode": "managed",
      "type": "github_branch_default",
      "name": "main_branch_default",
      "provider": "module.infrastructure_aws_manager.provider[\"registry.terraform.io/hashicorp/github\"]",
      "instances": [
        {
          "schema_version": 0,
          "attributes": {
            "branch": "main",
            "etag": "W/\"e4f238eddd20d51e1f3cfd9050446e1642ca855190b1058c4e617890b458b5fd\"",
            "id": "infrastructure-aws-manager",
            "rename": false,
            "repository": "infrastructure-aws-manager"
          },
          "sensitive_attributes": [],
          "identity_schema_version": 0,
          "private": "bnVsbA==",
          "dependencies": [
            "module.infrastructure_aws_manager.github_repository.repository"
          ]
        }
      ]
    },
    {
      "module": "module.infrastructure_aws_manager",
      "mode": "managed",
      "type": "github_branch_protection",
      "name": "main_branch_protection",
      "provider": "module.infrastructure_aws_manager.provider[\"registry.terraform.io/hashicorp/github\"]",
      "instances": [
        {
          "schema_version": 2,
          "attributes": {
            "allows_deletions": false,
            "allows_force_pushes": false,
            "enforce_admins": true,
            "force_push_bypassers": [],
            "id": "BPR_kwDOPHy9gs4D3j9o",
            "lock_branch": false,
            "pattern": "main",
            "repository_id": "R_kgDOPHy9gg",
            "require_conversation_resolution": true,
            "require_signed_commits": false,
            "required_linear_history": false,
            "required_pull_request_reviews": [
              {
                "dismiss_stale_reviews": true,
                "dismissal_restrictions": [],
                "pull_request_bypassers": [],
                "require_code_owner_reviews": false,
                "require_last_push_approval": false,
                "required_approving_review_count": 0,
                "restrict_dismissals": false
              }
            ],
            "required_status_checks": [
              {
                "contexts": [],
                "strict": true
              }
            ],
            "restrict_pushes": []
          },
          "sensitive_attributes": [],
          "identity_schema_version": 0,
          "private": "eyJzY2hlbWFfdmVyc2lvbiI6IjIifQ==",
          "dependencies": [
            "module.infrastructure_aws_manager.github_repository.repository"
          ]
        }
      ]
    },
    {
      "module": "module.infrastructure_aws_manager",
      "mode": "managed",
      "type": "github_repository",
      "name": "repository",
      "provider": "module.infrastructure_aws_manager.provider[\"registry.terraform.io/hashicorp/github\"]",
      "instances": [
        {
          "schema_version": 1,
          "attributes": {
            "allow_auto_merge": true,
            "allow_merge_commit": false,
            "allow_rebase_merge": true,
            "allow_squash_merge": true,
            "allow_update_branch": true,
            "archive_on_destroy": true,
            "archived": false,
            "auto_init": true,
            "default_branch": "main",
            "delete_branch_on_merge": true,
            "description": "Infrastructure-as-Code for managing AWS resources with Terraform",
            "etag": "W/\"e4f238eddd20d51e1f3cfd9050446e1642ca855190b1058c4e617890b458b5fd\"",
            "full_name": "shahid-2020/infrastructure-aws-manager",
            "git_clone_url": "git://github.com/shahid-2020/infrastructure-aws-manager.git",
            "gitignore_template": "Terraform",
            "has_discussions": true,
            "has_downloads": false,
            "has_issues": true,
            "has_projects": false,
            "has_wiki": false,
            "homepage_url": "",
            "html_url": "https://github.com/shahid-2020/infrastructure-aws-manager",
            "http_clone_url": "https://github.com/shahid-2020/infrastructure-aws-manager.git",
            "id": "infrastructure-aws-manager",
            "ignore_vulnerability_alerts_during_read": null,
            "is_template": false,
            "license_template": "mit",
            "merge_commit_message": "PR_TITLE",
            "merge_commit_title": "MERGE_MESSAGE",
            "name": "infrastructure-aws-manager",
            "node_id": "R_kgDOPHy9gg",
            "pages": [],
            "primary_language": "HCL",
            "private": false,
            "repo_id": 1014807938,
            "security_and_analysis": [
              {
                "advanced_security": [],
                "secret_scanning": [
                  {
                    "status": "enabled"
                  }
                ],
                "secret_scanning_push_protection": [
                  {
                    "status": "enabled"
                  }
                ]
              }
            ],
            "squash_merge_commit_message": "PR_BODY",
            "squash_merge_commit_title": "PR_TITLE",
            "ssh_clone_url": "git@github.com:shahid-2020/infrastructure-aws-manager.git",
            "svn_url": "https://github.com/shahid-2020/infrastructure-aws-manager",
            "template": [],
            "topics": [
              "aws",
              "infrastructure-as-code",
              "terraform"
            ],
            "visibility": "public",
            "vulnerability_alerts": true,
            "web_commit_signoff_required": false
          },
          "sensitive_attributes": [],
          "identity_schema_version": 0,
          "private": "eyJzY2hlbWFfdmVyc2lvbiI6IjEifQ=="
        }
      ]
    },
    {
      "module": "module.infrastructure_aws_manager",
      "mode": "managed",
      "type": "github_repository_dependabot_security_updates",
      "name": "dependabot_security_updates",
      "provider": "module.infrastructure_aws_manager.provider[\"registry.terraform.io/hashicorp/github\"]",
      "instances": [
        {
          "schema_version": 0,
          "attributes": {
            "enabled": true,
            "id": "infrastructure-aws-manager",
            "repository": "infrastructure-aws-manager"
          },
          "sensitive_attributes": [],
          "identity_schema_version": 0,
          "private": "bnVsbA==",
          "dependencies": [
            "module.infrastructure_aws_manager.github_repository.repository"
          ]
        }
      ]
    },
    {
      "module": "module.infrastructure_github_manager",
      "mode": "managed",
      "type": "github_actions_repository_permissions",
      "name": "actions_repository_permissions",
      "provider": "module.infrastructure_github_manager.provider[\"registry.terraform.io/hashicorp/github\"]",
      "instances": [
        {
          "schema_version": 0,
          "attributes": {
            "allowed_actions": "selected",
            "allowed_actions_config": [
              {
                "github_owned_allowed": true,
                "patterns_allowed": [],
                "verified_allowed": true
              }
            ],
            "enabled": true,
            "id": "infrastructure-github-manager",
            "repository": "infrastructure-github-manager"
          },
          "sensitive_attributes": [],
          "identity_schema_version": 0,
          "private": "bnVsbA==",
          "dependencies": [
            "module.infrastructure_github_manager.github_repository.repository"
          ]
        }
      ]
    },
    {
      "module": "module.infrastructure_github_manager",
      "mode": "managed",
      "type": "github_branch_default",
      "name": "main_branch_default",
      "provider": "module.infrastructure_github_manager.provider[\"registry.terraform.io/hashicorp/github\"]",
      "instances": [
        {
          "schema_version": 0,
          "attributes": {
            "branch": "main",
            "etag": "W/\"12766275ef3ab6b60acc0e0f6f6cd8051e6b2f990fa9f2bbadef075722b1404e\"",
            "id": "infrastructure-github-manager",
            "rename": false,
            "repository": "infrastructure-github-manager"
          },
          "sensitive_attributes": [],
          "identity_schema_version": 0,
          "private": "bnVsbA==",
          "dependencies": [
            "module.infrastructure_github_manager.github_repository.repository"
          ]
        }
      ]
    },
    {
      "module": "module.infrastructure_github_manager",
      "mode": "managed",
      "type": "github_branch_protection",
      "name": "main_branch_protection",
      "provider": "module.infrastructure_github_manager.provider[\"registry.terraform.io/hashicorp/github\"]",
      "instances": [
        {
          "schema_version": 2,
          "attributes": {
            "allows_deletions": false,
            "allows_force_pushes": false,
            "enforce_admins": true,
            "force_push_bypassers": [],
            "id": "BPR_kwDOPHsEmc4D3i6R",
            "lock_branch": false,
            "pattern": "main",
            "repository_id": "R_kgDOPHsEmQ",
            "require_conversation_resolution": true,
            "require_signed_commits": false,
            "required_linear_history": false,
            "required_pull_request_reviews": [
              {
                "dismiss_stale_reviews": true,
                "dismissal_restrictions": [],
                "pull_request_bypassers": [],
                "require_code_owner_reviews": false,
                "require_last_push_approval": false,
                "required_approving_review_count": 0,
                "restrict_dismissals": false
              }
            ],
            "required_status_checks": [
              {
                "contexts": [],
                "strict": true
              }
            ],
            "restrict_pushes": []
          },
          "sensitive_attributes": [],
          "identity_schema_version": 0,
          "private": "eyJzY2hlbWFfdmVyc2lvbiI6IjIifQ==",
          "dependencies": [
            "module.infrastructure_github_manager.github_repository.repository"
          ]
        }
      ]
    },
    {
      "module": "module.infrastructure_github_manager",
      "mode": "managed",
      "type": "github_repository",
      "name": "repository",
      "provider": "module.infrastructure_github_manager.provider[\"registry.terraform.io/hashicorp/github\"]",
      "instances": [
        {
          "schema_version": 1,
          "attributes": {
            "allow_auto_merge": true,
            "allow_merge_commit": false,
            "allow_rebase_merge": true,
            "allow_squash_merge": true,
            "allow_update_branch": true,
            "archive_on_destroy": true,
            "archived": false,
            "auto_init": true,
            "default_branch": "main",
            "delete_branch_on_merge": true,
            "description": "Terraform-managed GitHub infrastructure",
            "etag": "W/\"12766275ef3ab6b60acc0e0f6f6cd8051e6b2f990fa9f2bbadef075722b1404e\"",
            "full_name": "shahid-2020/infrastructure-github-manager",
            "git_clone_url": "git://github.com/shahid-2020/infrastructure-github-manager.git",
            "gitignore_template": "Terraform",
            "has_discussions": true,
            "has_downloads": false,
            "has_issues": true,
            "has_projects": false,
            "has_wiki": false,
            "homepage_url": "",
            "html_url": "https://github.com/shahid-2020/infrastructure-github-manager",
            "http_clone_url": "https://github.com/shahid-2020/infrastructure-github-manager.git",
            "id": "infrastructure-github-manager",
            "ignore_vulnerability_alerts_during_read": null,
            "is_template": false,
            "license_template": "mit",
            "merge_commit_message": "PR_TITLE",
            "merge_commit_title": "MERGE_MESSAGE",
            "name": "infrastructure-github-manager",
            "node_id": "R_kgDOPHsEmQ",
            "pages": [],
            "primary_language": "HCL",
            "private": false,
            "repo_id": 1014695065,
            "security_and_analysis": [
              {
                "advanced_security": [],
                "secret_scanning": [
                  {
                    "status": "enabled"
                  }
                ],
                "secret_scanning_push_protection": [
                  {
                    "status": "enabled"
                  }
                ]
              }
            ],
            "squash_merge_commit_message": "PR_BODY",
            "squash_merge_commit_title": "PR_TITLE",
            "ssh_clone_url": "git@github.com:shahid-2020/infrastructure-github-manager.git",
            "svn_url": "https://github.com/shahid-2020/infrastructure-github-manager",
            "template": [],
            "topics": [
              "infrastructure-as-code",
              "terraform"
            ],
            "visibility": "public",
            "vulnerability_alerts": true,
            "web_commit_signoff_required": false
          },
          "sensitive_attributes": [],
          "identity_schema_version": 0,
          "private": "eyJzY2hlbWFfdmVyc2lvbiI6IjEifQ=="
        }
      ]
    },
    {
      "module": "module.infrastructure_github_manager",
      "mode": "managed",
      "type": "github_repository_dependabot_security_updates",
      "name": "dependabot_security_updates",
      "provider": "module.infrastructure_github_manager.provider[\"registry.terraform.io/hashicorp/github\"]",
      "instances": [
        {
          "schema_version": 0,
          "attributes": {
            "enabled": true,
            "id": "infrastructure-github-manager",
            "repository": "infrastructure-github-manager"
          },
          "sensitive_attributes": [],
          "identity_schema_version": 0,
          "private": "bnVsbA==",
          "dependencies": [
            "module.infrastructure_github_manager.github_repository.repository"
          ]
        }
      ]
    },
    {
      "module": "module.network_traffic_analyzer",
      "mode": "managed",
      "type": "github_actions_repository_permissions",
      "name": "actions_repository_permissions",
      "provider": "module.network_traffic_analyzer.provider[\"registry.terraform.io/hashicorp/github\"]",
      "instances": [
        {
          "schema_version": 0,
          "attributes": {
            "allowed_actions": "selected",
            "allowed_actions_config": [
              {
                "github_owned_allowed": true,
                "patterns_allowed": [],
                "verified_allowed": true
              }
            ],
            "enabled": true,
            "id": "network-traffic-analyzer",
            "repository": "network-traffic-analyzer"
          },
          "sensitive_attributes": [],
          "identity_schema_version": 0,
          "private": "bnVsbA==",
          "dependencies": [
            "module.network_traffic_analyzer.github_repository.repository"
          ]
        }
      ]
    },
    {
      "module": "module.network_traffic_analyzer",
      "mode": "managed",
      "type": "github_branch_default",
      "name": "main_branch_default",
      "provider": "module.network_traffic_analyzer.provider[\"registry.terraform.io/hashicorp/github\"]",
      "instances": [
        {
          "schema_version": 0,
          "attributes": {
            "branch": "main",
            "etag": "W/\"0ef04a24432f882430c7d54e7c6ec3c5e1876866220bc881dccc96cc6750e838\"",
            "id": "network-traffic-analyzer",
            "rename": false,
            "repository": "network-traffic-analyzer"
          },
          "sensitive_attributes": [],
          "identity_schema_version": 0,
          "private": "bnVsbA==",
          "dependencies": [
            "module.network_traffic_analyzer.github_repository.repository"
          ]
        }
      ]
    },
    {
      "module": "module.network_traffic_analyzer",
      "mode": "managed",
      "type": "github_branch_protection",
      "name": "main_branch_protection",
      "provider": "module.network_traffic_analyzer.provider[\"registry.terraform.io/hashicorp/github\"]",
      "instances": [
        {
          "schema_version": 2,
          "attributes": {
            "allows_deletions": false,
            "allows_force_pushes": false,
            "enforce_admins": true,
            "force_push_bypassers": [],
            "id": "BPR_kwDOPHv5Rc4D3jd8",
            "lock_branch": false,
            "pattern": "main",
            "repository_id": "R_kgDOPHv5RQ",
            "require_conversation_resolution": true,
            "require_signed_commits": false,
            "required_linear_history": false,
            "required_pull_request_reviews": [
              {
                "dismiss_stale_reviews": true,
                "dismissal_restrictions": [],
                "pull_request_bypassers": [],
                "require_code_owner_reviews": false,
                "require_last_push_approval": false,
                "required_approving_review_count": 0,
                "restrict_dismissals": false
              }
            ],
            "required_status_checks": [
              {
                "contexts": [],
                "strict": true
              }
            ],
            "restrict_pushes": []
          },
          "sensitive_attributes": [],
          "identity_schema_version": 0,
          "private": "eyJzY2hlbWFfdmVyc2lvbiI6IjIifQ==",
          "dependencies": [
            "module.network_traffic_analyzer.github_repository.repository"
          ]
        }
      ]
    },
    {
      "module": "module.network_traffic_analyzer",
      "mode": "managed",
      "type": "github_repository",
      "name": "repository",
      "provider": "module.network_traffic_analyzer.provider[\"registry.terraform.io/hashicorp/github\"]",
      "instances": [
        {
          "schema_version": 1,
          "attributes": {
            "allow_auto_merge": true,
            "allow_merge_commit": false,
            "allow_rebase_merge": true,
            "allow_squash_merge": true,
            "allow_update_branch": true,
            "archive_on_destroy": true,
            "archived": false,
            "auto_init": true,
            "default_branch": "main",
            "delete_branch_on_merge": true,
            "description": "Network Traffic Analyzer using C",
            "etag": "W/\"0ef04a24432f882430c7d54e7c6ec3c5e1876866220bc881dccc96cc6750e838\"",
            "full_name": "shahid-2020/network-traffic-analyzer",
            "git_clone_url": "git://github.com/shahid-2020/network-traffic-analyzer.git",
            "gitignore_template": "C",
            "has_discussions": true,
            "has_downloads": false,
            "has_issues": true,
            "has_projects": false,
            "has_wiki": false,
            "homepage_url": "",
            "html_url": "https://github.com/shahid-2020/network-traffic-analyzer",
            "http_clone_url": "https://github.com/shahid-2020/network-traffic-analyzer.git",
            "id": "network-traffic-analyzer",
            "ignore_vulnerability_alerts_during_read": null,
            "is_template": false,
            "license_template": "mit",
            "merge_commit_message": "PR_TITLE",
            "merge_commit_title": "MERGE_MESSAGE",
            "name": "network-traffic-analyzer",
            "node_id": "R_kgDOPHv5RQ",
            "pages": [],
            "primary_language": "C",
            "private": false,
            "repo_id": 1014757701,
            "security_and_analysis": [
              {
                "advanced_security": [],
                "secret_scanning": [
                  {
                    "status": "enabled"
                  }
                ],
                "secret_scanning_push_protection": [
                  {
                    "status": "enabled"
                  }
                ]
              }
            ],
            "squash_merge_commit_message": "PR_BODY",
            "squash_merge_commit_title": "PR_TITLE",
            "ssh_clone_url": "git@github.com:shahid-2020/network-traffic-analyzer.git",
            "svn_url": "https://github.com/shahid-2020/network-traffic-analyzer",
            "template": [],
            "topics": [
              "c",
              "networking"
            ],
            "visibility": "public",
            "vulnerability_alerts": true,
            "web_commit_signoff_required": false
          },
          "sensitive_attributes": [],
          "identity_schema_version": 0,
          "private": "eyJzY2hlbWFfdmVyc2lvbiI6IjEifQ=="
        }
      ]
    },
    {
      "module": "module.network_traffic_analyzer",
      "mode": "managed",
      "type": "github_repository_dependabot_security_updates",
      "name": "dependabot_security_updates",
      "provider": "module.network_traffic_analyzer.provider[\"registry.terraform.io/hashicorp/github\"]",
      "instances": [
        {
          "schema_version": 0,
          "attributes": {
            "enabled": true,
            "id": "network-traffic-analyzer",
            "repository": "network-traffic-analyzer"
          },
          "sensitive_attributes": [],
          "identity_schema_version": 0,
          "private": "bnVsbA==",
          "dependencies": [
            "module.network_traffic_analyzer.github_repository.repository"
          ]
        }
      ]
    },
    {
      "module": "module.shahid_2020",
      "mode": "managed",
      "type": "github_actions_repository_permissions",
      "name": "actions_repository_permissions",
      "provider": "module.shahid_2020.provider[\"registry.terraform.io/hashicorp/github\"]",
      "instances": [
        {
          "schema_version": 0,
          "attributes": {
            "allowed_actions": "selected",
            "allowed_actions_config": [
              {
                "github_owned_allowed": true,
                "patterns_allowed": [],
                "verified_allowed": true
              }
            ],
            "enabled": true,
            "id": "shahid-2020",
            "repository": "shahid-2020"
          },
          "sensitive_attributes": [],
          "identity_schema_version": 0,
          "private": "bnVsbA==",
          "dependencies": [
            "module.shahid_2020.github_repository.repository"
          ]
        }
      ]
    },
    {
      "module": "module.shahid_2020",
      "mode": "managed",
      "type": "github_branch_default",
      "name": "main_branch_default",
      "provider": "module.shahid_2020.provider[\"registry.terraform.io/hashicorp/github\"]",
      "instances": [
        {
          "schema_version": 0,
          "attributes": {
            "branch": "main",
            "etag": "W/\"aadeb86aa2a4de395fd2a21a876cfdf51e3d2522d31086cb50958c0a141ad4dd\"",
            "id": "shahid-2020",
            "rename": false,
            "repository": "shahid-2020"
          },
          "sensitive_attributes": [],
          "identity_schema_version": 0,
          "private": "bnVsbA==",
          "dependencies": [
            "module.shahid_2020.github_repository.repository"
          ]
        }
      ]
    },
    {
      "module": "module.shahid_2020",
      "mode": "managed",
      "type": "github_branch_protection",
      "name": "main_branch_protection",
      "provider": "module.shahid_2020.provider[\"registry.terraform.io/hashicorp/github\"]",
      "instances": [
        {
          "schema_version": 2,
          "attributes": {
            "allows_deletions": false,
            "allows_force_pushes": false,
            "enforce_admins": true,
            "force_push_bypassers": [],
            "id": "BPR_kwDOPHw9os4D3jmk",
            "lock_branch": false,
            "pattern": "main",
            "repository_id": "R_kgDOPHw9og",
            "require_conversation_resolution": true,
            "require_signed_commits": false,
            "required_linear_history": false,
            "required_pull_request_reviews": [
              {
                "dismiss_stale_reviews": true,
                "dismissal_restrictions": [],
                "pull_request_bypassers": [],
                "require_code_owner_reviews": false,
                "require_last_push_approval": false,
                "required_approving_review_count": 0,
                "restrict_dismissals": false
              }
            ],
            "required_status_checks": [
              {
                "contexts": [],
                "strict": true
              }
            ],
            "restrict_pushes": []
          },
          "sensitive_attributes": [],
          "identity_schema_version": 0,
          "private": "eyJzY2hlbWFfdmVyc2lvbiI6IjIifQ==",
          "dependencies": [
            "module.shahid_2020.github_repository.repository"
          ]
        }
      ]
    },
    {
      "module": "module.shahid_2020",
      "mode": "managed",
      "type": "github_repository",
      "name": "repository",
      "provider": "module.shahid_2020.provider[\"registry.terraform.io/hashicorp/github\"]",
      "instances": [
        {
          "schema_version": 1,
          "attributes": {
            "allow_auto_merge": true,
            "allow_merge_commit": false,
            "allow_rebase_merge": true,
            "allow_squash_merge": true,
            "allow_update_branch": true,
            "archive_on_destroy": true,
            "archived": false,
            "auto_init": true,
            "default_branch": "main",
            "delete_branch_on_merge": true,
            "description": "GitHub repository for profile",
            "etag": "W/\"aadeb86aa2a4de395fd2a21a876cfdf51e3d2522d31086cb50958c0a141ad4dd\"",
            "full_name": "shahid-2020/shahid-2020",
            "git_clone_url": "git://github.com/shahid-2020/shahid-2020.git",
            "gitignore_template": null,
            "has_discussions": true,
            "has_downloads": false,
            "has_issues": true,
            "has_projects": false,
            "has_wiki": false,
            "homepage_url": "",
            "html_url": "https://github.com/shahid-2020/shahid-2020",
            "http_clone_url": "https://github.com/shahid-2020/shahid-2020.git",
            "id": "shahid-2020",
            "ignore_vulnerability_alerts_during_read": null,
            "is_template": false,
            "license_template": "mit",
            "merge_commit_message": "PR_TITLE",
            "merge_commit_title": "MERGE_MESSAGE",
            "name": "shahid-2020",
            "node_id": "R_kgDOPHw9og",
            "pages": [],
            "primary_language": "",
            "private": false,
            "repo_id": 1014775202,
            "security_and_analysis": [
              {
                "advanced_security": [],
                "secret_scanning": [
                  {
                    "status": "enabled"
                  }
                ],
                "secret_scanning_push_protection": [
                  {
                    "status": "enabled"
                  }
                ]
              }
            ],
            "squash_merge_commit_message": "PR_BODY",
            "squash_merge_commit_title": "PR_TITLE",
            "ssh_clone_url": "git@github.com:shahid-2020/shahid-2020.git",
            "svn_url": "https://github.com/shahid-2020/shahid-2020",
            "template": [],
            "topics": [
              "profile"
            ],
            "visibility": "public",
            "vulnerability_alerts": true,
            "web_commit_signoff_required": false
          },
          "sensitive_attributes": [],
          "identity_schema_version": 0,
          "private": "eyJzY2hlbWFfdmVyc2lvbiI6IjEifQ=="
        }
      ]
    },
    {
      "module": "module.shahid_2020",
      "mode": "managed",
      "type": "github_repository_dependabot_security_updates",
      "name": "dependabot_security_updates",
      "provider": "module.shahid_2020.provider[\"registry.terraform.io/hashicorp/github\"]",
      "instances": [
        {
          "schema_version": 0,
          "attributes": {
            "enabled": true,
            "id": "shahid-2020",
            "repository": "shahid-2020"
          },
          "sensitive_attributes": [],
          "identity_schema_version": 0,
          "private": "bnVsbA==",
          "dependencies": [
            "module.shahid_2020.github_repository.repository"
          ]
        }
      ]
    },
    {
      "module": "module.techind",
      "mode": "managed",
      "type": "github_actions_repository_permissions",
      "name": "actions_repository_permissions",
      "provider": "module.techind.provider[\"registry.terraform.io/hashicorp/github\"]",
      "instances": [
        {
          "schema_version": 0,
          "attributes": {
            "allowed_actions": "selected",
            "allowed_actions_config": [
              {
                "github_owned_allowed": true,
                "patterns_allowed": [],
                "verified_allowed": true
              }
            ],
            "enabled": true,
            "id": "techind",
            "repository": "techind"
          },
          "sensitive_attributes": [],
          "identity_schema_version": 0,
          "private": "bnVsbA==",
          "dependencies": [
            "module.techind.github_repository.repository"
          ]
        }
      ]
    },
    {
      "module": "module.techind",
      "mode": "managed",
      "type": "github_branch_default",
      "name": "main_branch_default",
      "provider": "module.techind.provider[\"registry.terraform.io/hashicorp/github\"]",
      "instances": [
        {
          "schema_version": 0,
          "attributes": {
            "branch": "main",
            "etag": "W/\"780941836a88aa464d15d0765da9fecc6bc878073f62f661cc945fe448560948\"",
            "id": "techind",
            "rename": false,
            "repository": "techind"
          },
          "sensitive_attributes": [],
          "identity_schema_version": 0,
          "private": "bnVsbA==",
          "dependencies": [
            "module.techind.github_repository.repository"
          ]
        }
      ]
    },
    {
      "module": "module.techind",
      "mode": "managed",
      "type": "github_branch_protection",
      "name": "main_branch_protection",
      "provider": "module.techind.provider[\"registry.terraform.io/hashicorp/github\"]",
      "instances": [
        {
          "schema_version": 2,
          "attributes": {
            "allows_deletions": false,
            "allows_force_pushes": false,
            "enforce_admins": true,
            "force_push_bypassers": [],
            "id": "BPR_kwDOP4q8XM4EDkeO",
            "lock_branch": false,
            "pattern": "main",
            "repository_id": "R_kgDOP4q8XA",
            "require_conversation_resolution": true,
            "require_signed_commits": false,
            "required_linear_history": false,
            "required_pull_request_reviews": [
              {
                "dismiss_stale_reviews": true,
                "dismissal_restrictions": [],
                "pull_request_bypassers": [],
                "require_code_owner_reviews": false,
                "require_last_push_approval": false,
                "required_approving_review_count": 0,
                "restrict_dismissals": false
              }
            ],
            "required_status_checks": [
              {
                "contexts": [],
                "strict": true
              }
            ],
            "restrict_pushes": []
          },
          "sensitive_attributes": [],
          "identity_schema_version": 0,
          "private": "eyJzY2hlbWFfdmVyc2lvbiI6IjIifQ==",
          "dependencies": [
            "module.techind.github_repository.repository"
          ]
        }
      ]
    },
    {
      "module": "module.techind",
      "mode": "managed",
      "type": "github_repository",
      "name": "repository",
      "provider": "module.techind.provider[\"registry.terraform.io/hashicorp/github\"]",
      "instances": [
        {
          "schema_version": 1,
          "attributes": {
            "allow_auto_merge": true,
            "allow_merge_commit": false,
            "allow_rebase_merge": true,
            "allow_squash_merge": true,
            "allow_update_branch": true,
            "archive_on_destroy": true,
            "archived": false,
            "auto_init": true,
            "default_branch": "main",
            "delete_branch_on_merge": true,
            "description": "Comprehensive technical indicators library for Go - Moving Averages, Oscillators, Momentum, Volatility, and more",
            "etag": "W/\"780941836a88aa464d15d0765da9fecc6bc878073f62f661cc945fe448560948\"",
            "full_name": "shahid-2020/techind",
            "git_clone_url": "git://github.com/shahid-2020/techind.git",
            "gitignore_template": "Go",
            "has_discussions": true,
            "has_downloads": false,
            "has_issues": true,
            "has_projects": false,
            "has_wiki": false,
            "homepage_url": "",
            "html_url": "https://github.com/shahid-2020/techind",
            "http_clone_url": "https://github.com/shahid-2020/techind.git",
            "id": "techind",
            "ignore_vulnerability_alerts_during_read": null,
            "is_template": false,
            "license_template": "mit",
            "merge_commit_message": "PR_TITLE",
            "merge_commit_title": "MERGE_MESSAGE",
            "name": "techind",
            "node_id": "R_kgDOP4q8XA",
            "pages": [],
            "primary_language": "Go",
            "private": false,
            "repo_id": 1066056796,
            "security_and_analysis": [
              {
                "advanced_security": [],
                "secret_scanning": [
                  {
                    "status": "enabled"
                  }
                ],
                "secret_scanning_push_protection": [
                  {
                    "status": "enabled"
                  }
                ]
              }
            ],
            "squash_merge_commit_message": "PR_BODY",
            "squash_merge_commit_title": "PR_TITLE",
            "ssh_clone_url": "git@github.com:shahid-2020/techind.git",
            "svn_url": "https://github.com/shahid-2020/techind",
            "template": [],
            "topics": [
              "algorithmic-trading",
              "backtesting",
              "financial-analysis",
              "go",
              "quantitative-finance",
              "technical-analysis",
              "trading-bot",
              "trading-indicators"
            ],
            "visibility": "public",
            "vulnerability_alerts": true,
            "web_commit_signoff_required": false
          },
          "sensitive_attributes": [],
          "identity_schema_version": 0,
          "private": "eyJzY2hlbWFfdmVyc2lvbiI6IjEifQ=="
        }
      ]
    },
    {
      "module": "module.techind",
      "mode": "managed",
      "type": "github_repository_dependabot_security_updates",
      "name": "dependabot_security_updates",
      "provider": "module.techind.provider[\"registry.terraform.io/hashicorp/github\"]",
      "instances": [
        {
          "schema_version": 0,
          "attributes": {
            "enabled": true,
            "id": "techind",
            "repository": "techind"
          },
          "sensitive_attributes": [],
          "identity_schema_version": 0,
          "private": "bnVsbA==",
          "dependencies": [
            "module.techind.github_repository.repository"
          ]
        }
      ]
    }
  ],
  "check_results": null
}
