{
  "version": 4,
  "terraform_version": "1.11.1",
  "serial": 29,
  "lineage": "ede4fe97-238e-bc00-f175-83eb101e58dc",
  "outputs": {},
  "resources": [
    {
      "module": "module.infrastructure_github_manager",
      "mode": "managed",
      "type": "github_actions_repository_permissions",
      "name": "actions_repository_permissions",
      "provider": "module.infrastructure_github_manager.provider[\"registry.terraform.io/hashicorp/github\"]",
      "instances": [
        {
          "schema_version": 0,
          "attributes": {
            "allowed_actions": "selected",
            "allowed_actions_config": [
              {
                "github_owned_allowed": true,
                "patterns_allowed": [],
                "verified_allowed": true
              }
            ],
            "enabled": true,
            "id": "infrastructure-github-manager",
            "repository": "infrastructure-github-manager"
          },
          "sensitive_attributes": [],
          "private": "bnVsbA==",
          "dependencies": [
            "module.infrastructure_github_manager.github_repository.repository"
          ]
        }
      ]
    },
    {
      "module": "module.infrastructure_github_manager",
      "mode": "managed",
      "type": "github_branch_default",
      "name": "main_branch_default",
      "provider": "module.infrastructure_github_manager.provider[\"registry.terraform.io/hashicorp/github\"]",
      "instances": [
        {
          "schema_version": 0,
          "attributes": {
            "branch": "main",
            "etag": "W/\"8dfe6963bac3bb148da711c64bf527f6f8145f4785c768d95a5b7b489e50b78f\"",
            "id": "infrastructure-github-manager",
            "rename": false,
            "repository": "infrastructure-github-manager"
          },
          "sensitive_attributes": [],
          "private": "bnVsbA==",
          "dependencies": [
            "module.infrastructure_github_manager.github_repository.repository"
          ]
        }
      ]
    },
    {
      "module": "module.infrastructure_github_manager",
      "mode": "managed",
      "type": "github_branch_protection",
      "name": "main_branch_protection",
      "provider": "module.infrastructure_github_manager.provider[\"registry.terraform.io/hashicorp/github\"]",
      "instances": [
        {
          "schema_version": 2,
          "attributes": {
            "allows_deletions": false,
            "allows_force_pushes": false,
            "enforce_admins": true,
            "force_push_bypassers": [],
            "id": "BPR_kwDOPHsEmc4D3i6R",
            "lock_branch": false,
            "pattern": "main",
            "repository_id": "R_kgDOPHsEmQ",
            "require_conversation_resolution": true,
            "require_signed_commits": false,
            "required_linear_history": false,
            "required_pull_request_reviews": [
              {
                "dismiss_stale_reviews": true,
                "dismissal_restrictions": [],
                "pull_request_bypassers": [],
                "require_code_owner_reviews": false,
                "require_last_push_approval": false,
                "required_approving_review_count": 0,
                "restrict_dismissals": false
              }
            ],
            "required_status_checks": [
              {
                "contexts": [],
                "strict": true
              }
            ],
            "restrict_pushes": []
          },
          "sensitive_attributes": [],
          "private": "eyJzY2hlbWFfdmVyc2lvbiI6IjIifQ==",
          "dependencies": [
            "module.infrastructure_github_manager.github_repository.repository"
          ]
        }
      ]
    },
    {
      "module": "module.infrastructure_github_manager",
      "mode": "managed",
      "type": "github_repository",
      "name": "repository",
      "provider": "module.infrastructure_github_manager.provider[\"registry.terraform.io/hashicorp/github\"]",
      "instances": [
        {
          "schema_version": 1,
          "attributes": {
            "allow_auto_merge": true,
            "allow_merge_commit": false,
            "allow_rebase_merge": true,
            "allow_squash_merge": true,
            "allow_update_branch": true,
            "archive_on_destroy": true,
            "archived": false,
            "auto_init": true,
            "default_branch": "main",
            "delete_branch_on_merge": true,
            "description": "Terraform-managed GitHub infrastructure",
            "etag": "W/\"8dfe6963bac3bb148da711c64bf527f6f8145f4785c768d95a5b7b489e50b78f\"",
            "full_name": "shahid-2020/infrastructure-github-manager",
            "git_clone_url": "git://github.com/shahid-2020/infrastructure-github-manager.git",
            "gitignore_template": "Terraform",
            "has_discussions": true,
            "has_downloads": false,
            "has_issues": true,
            "has_projects": false,
            "has_wiki": false,
            "homepage_url": "",
            "html_url": "https://github.com/shahid-2020/infrastructure-github-manager",
            "http_clone_url": "https://github.com/shahid-2020/infrastructure-github-manager.git",
            "id": "infrastructure-github-manager",
            "ignore_vulnerability_alerts_during_read": null,
            "is_template": false,
            "license_template": "mit",
            "merge_commit_message": "PR_TITLE",
            "merge_commit_title": "MERGE_MESSAGE",
            "name": "infrastructure-github-manager",
            "node_id": "R_kgDOPHsEmQ",
            "pages": [],
            "primary_language": "",
            "private": false,
            "repo_id": 1014695065,
            "security_and_analysis": [
              {
                "advanced_security": [],
                "secret_scanning": [
                  {
                    "status": "enabled"
                  }
                ],
                "secret_scanning_push_protection": [
                  {
                    "status": "enabled"
                  }
                ]
              }
            ],
            "squash_merge_commit_message": "PR_BODY",
            "squash_merge_commit_title": "PR_TITLE",
            "ssh_clone_url": "git@github.com:shahid-2020/infrastructure-github-manager.git",
            "svn_url": "https://github.com/shahid-2020/infrastructure-github-manager",
            "template": [],
            "topics": [
              "infrastructure-as-code",
              "terraform"
            ],
            "visibility": "public",
            "vulnerability_alerts": true,
            "web_commit_signoff_required": false
          },
          "sensitive_attributes": [],
          "private": "eyJzY2hlbWFfdmVyc2lvbiI6IjEifQ=="
        }
      ]
    },
    {
      "module": "module.infrastructure_github_manager",
      "mode": "managed",
      "type": "github_repository_dependabot_security_updates",
      "name": "dependabot_security_updates",
      "provider": "module.infrastructure_github_manager.provider[\"registry.terraform.io/hashicorp/github\"]",
      "instances": [
        {
          "schema_version": 0,
          "attributes": {
            "enabled": true,
            "id": "infrastructure-github-manager",
            "repository": "infrastructure-github-manager"
          },
          "sensitive_attributes": [],
          "private": "bnVsbA==",
          "dependencies": [
            "module.infrastructure_github_manager.github_repository.repository"
          ]
        }
      ]
    },
    {
      "module": "module.infrastructure_github_manager",
      "mode": "managed",
      "type": "github_repository_environment",
      "name": "production_environment",
      "provider": "module.infrastructure_github_manager.provider[\"registry.terraform.io/hashicorp/github\"]",
      "instances": [
        {
          "schema_version": 0,
          "attributes": {
            "can_admins_bypass": true,
            "deployment_branch_policy": [],
            "environment": "production",
            "id": "infrastructure-github-manager:production",
            "prevent_self_review": false,
            "repository": "infrastructure-github-manager",
            "reviewers": [],
            "wait_timer": 0
          },
          "sensitive_attributes": [],
          "private": "bnVsbA==",
          "dependencies": [
            "module.infrastructure_github_manager.github_repository.repository"
          ]
        }
      ]
    }
  ],
  "check_results": null
}
