{
  "version": 4,
  "terraform_version": "1.11.1",
  "serial": 129,
  "lineage": "ede4fe97-238e-bc00-f175-83eb101e58dc",
  "outputs": {},
  "resources": [
    {
      "module": "module.gohlcv",
      "mode": "managed",
      "type": "github_actions_repository_permissions",
      "name": "actions_repository_permissions",
      "provider": "module.gohlcv.provider[\"registry.terraform.io/hashicorp/github\"]",
      "instances": [
        {
          "schema_version": 0,
          "attributes": {
            "allowed_actions": "selected",
            "allowed_actions_config": [
              {
                "github_owned_allowed": true,
                "patterns_allowed": [],
                "verified_allowed": true
              }
            ],
            "enabled": true,
            "id": "gohlcv",
            "repository": "gohlcv"
          },
          "sensitive_attributes": [],
          "private": "bnVsbA==",
          "dependencies": [
            "module.gohlcv.github_repository.repository"
          ]
        }
      ]
    },
    {
      "module": "module.gohlcv",
      "mode": "managed",
      "type": "github_branch_default",
      "name": "main_branch_default",
      "provider": "module.gohlcv.provider[\"registry.terraform.io/hashicorp/github\"]",
      "instances": [
        {
          "schema_version": 0,
          "attributes": {
            "branch": "main",
            "etag": "W/\"c1aeadacec9a5a40a8a7ecb48ce1ba41dd9b3f1ad1c7a1e447bd7e236e102568\"",
            "id": "gohlcv",
            "rename": false,
            "repository": "gohlcv"
          },
          "sensitive_attributes": [],
          "private": "bnVsbA==",
          "dependencies": [
            "module.gohlcv.github_repository.repository"
          ]
        }
      ]
    },
    {
      "module": "module.gohlcv",
      "mode": "managed",
      "type": "github_branch_protection",
      "name": "main_branch_protection",
      "provider": "module.gohlcv.provider[\"registry.terraform.io/hashicorp/github\"]",
      "instances": [
        {
          "schema_version": 2,
          "attributes": {
            "allows_deletions": false,
            "allows_force_pushes": false,
            "enforce_admins": true,
            "force_push_bypassers": [],
            "id": "BPR_kwDOP4i6fc4EDjsH",
            "lock_branch": false,
            "pattern": "main",
            "repository_id": "R_kgDOP4i6fQ",
            "require_conversation_resolution": true,
            "require_signed_commits": false,
            "required_linear_history": false,
            "required_pull_request_reviews": [
              {
                "dismiss_stale_reviews": true,
                "dismissal_restrictions": [],
                "pull_request_bypassers": [],
                "require_code_owner_reviews": false,
                "require_last_push_approval": false,
                "required_approving_review_count": 0,
                "restrict_dismissals": false
              }
            ],
            "required_status_checks": [
              {
                "contexts": [],
                "strict": true
              }
            ],
            "restrict_pushes": []
          },
          "sensitive_attributes": [],
          "private": "eyJzY2hlbWFfdmVyc2lvbiI6IjIifQ==",
          "dependencies": [
            "module.gohlcv.github_repository.repository"
          ]
        }
      ]
    },
    {
      "module": "module.gohlcv",
      "mode": "managed",
      "type": "github_repository",
      "name": "repository",
      "provider": "module.gohlcv.provider[\"registry.terraform.io/hashicorp/github\"]",
      "instances": [
        {
          "schema_version": 1,
          "attributes": {
            "allow_auto_merge": true,
            "allow_merge_commit": false,
            "allow_rebase_merge": true,
            "allow_squash_merge": true,
            "allow_update_branch": true,
            "archive_on_destroy": true,
            "archived": false,
            "auto_init": true,
            "default_branch": "main",
            "delete_branch_on_merge": true,
            "description": "Go library for OHLCV (Open, High, Low, Close, Volume) market data from multiple providers",
            "etag": "W/\"c1aeadacec9a5a40a8a7ecb48ce1ba41dd9b3f1ad1c7a1e447bd7e236e102568\"",
            "full_name": "shahid-2020/gohlcv",
            "git_clone_url": "git://github.com/shahid-2020/gohlcv.git",
            "gitignore_template": "Go",
            "has_discussions": true,
            "has_downloads": false,
            "has_issues": true,
            "has_projects": false,
            "has_wiki": false,
            "homepage_url": "",
            "html_url": "https://github.com/shahid-2020/gohlcv",
            "http_clone_url": "https://github.com/shahid-2020/gohlcv.git",
            "id": "gohlcv",
            "ignore_vulnerability_alerts_during_read": null,
            "is_template": false,
            "license_template": "mit",
            "merge_commit_message": "PR_TITLE",
            "merge_commit_title": "MERGE_MESSAGE",
            "name": "gohlcv",
            "node_id": "R_kgDOP4i6fQ",
            "pages": [],
            "primary_language": "Go",
            "private": false,
            "repo_id": 1065925245,
            "security_and_analysis": [
              {
                "advanced_security": [],
                "secret_scanning": [
                  {
                    "status": "enabled"
                  }
                ],
                "secret_scanning_push_protection": [
                  {
                    "status": "enabled"
                  }
                ]
              }
            ],
            "squash_merge_commit_message": "PR_BODY",
            "squash_merge_commit_title": "PR_TITLE",
            "ssh_clone_url": "git@github.com:shahid-2020/gohlcv.git",
            "svn_url": "https://github.com/shahid-2020/gohlcv",
            "template": [],
            "topics": [
              "go",
              "market-data",
              "ohlcv"
            ],
            "visibility": "public",
            "vulnerability_alerts": true,
            "web_commit_signoff_required": false
          },
          "sensitive_attributes": [],
          "private": "eyJzY2hlbWFfdmVyc2lvbiI6IjEifQ=="
        }
      ]
    },
    {
      "module": "module.gohlcv",
      "mode": "managed",
      "type": "github_repository_dependabot_security_updates",
      "name": "dependabot_security_updates",
      "provider": "module.gohlcv.provider[\"registry.terraform.io/hashicorp/github\"]",
      "instances": [
        {
          "schema_version": 0,
          "attributes": {
            "enabled": true,
            "id": "gohlcv",
            "repository": "gohlcv"
          },
          "sensitive_attributes": [],
          "private": "bnVsbA==",
          "dependencies": [
            "module.gohlcv.github_repository.repository"
          ]
        }
      ]
    },
    {
      "module": "module.infrastructure_aws_manager",
      "mode": "managed",
      "type": "github_actions_repository_permissions",
      "name": "actions_repository_permissions",
      "provider": "module.infrastructure_aws_manager.provider[\"registry.terraform.io/hashicorp/github\"]",
      "instances": [
        {
          "schema_version": 0,
          "attributes": {
            "allowed_actions": "selected",
            "allowed_actions_config": [
              {
                "github_owned_allowed": true,
                "patterns_allowed": [],
                "verified_allowed": true
              }
            ],
            "enabled": true,
            "id": "infrastructure-aws-manager",
            "repository": "infrastructure-aws-manager"
          },
          "sensitive_attributes": [],
          "private": "bnVsbA==",
          "dependencies": [
            "module.infrastructure_aws_manager.github_repository.repository"
          ]
        }
      ]
    },
    {
      "module": "module.infrastructure_aws_manager",
      "mode": "managed",
      "type": "github_branch_default",
      "name": "main_branch_default",
      "provider": "module.infrastructure_aws_manager.provider[\"registry.terraform.io/hashicorp/github\"]",
      "instances": [
        {
          "schema_version": 0,
          "attributes": {
            "branch": "main",
            "etag": "W/\"05e9afc9ebf81c1a948621058cb08c72e3c9dc51d08a380bc26b63f03b341e02\"",
            "id": "infrastructure-aws-manager",
            "rename": false,
            "repository": "infrastructure-aws-manager"
          },
          "sensitive_attributes": [],
          "private": "bnVsbA==",
          "dependencies": [
            "module.infrastructure_aws_manager.github_repository.repository"
          ]
        }
      ]
    },
    {
      "module": "module.infrastructure_aws_manager",
      "mode": "managed",
      "type": "github_branch_protection",
      "name": "main_branch_protection",
      "provider": "module.infrastructure_aws_manager.provider[\"registry.terraform.io/hashicorp/github\"]",
      "instances": [
        {
          "schema_version": 2,
          "attributes": {
            "allows_deletions": false,
            "allows_force_pushes": false,
            "enforce_admins": true,
            "force_push_bypassers": [],
            "id": "BPR_kwDOPHy9gs4D3j9o",
            "lock_branch": false,
            "pattern": "main",
            "repository_id": "R_kgDOPHy9gg",
            "require_conversation_resolution": true,
            "require_signed_commits": false,
            "required_linear_history": false,
            "required_pull_request_reviews": [
              {
                "dismiss_stale_reviews": true,
                "dismissal_restrictions": [],
                "pull_request_bypassers": [],
                "require_code_owner_reviews": false,
                "require_last_push_approval": false,
                "required_approving_review_count": 0,
                "restrict_dismissals": false
              }
            ],
            "required_status_checks": [
              {
                "contexts": [],
                "strict": true
              }
            ],
            "restrict_pushes": []
          },
          "sensitive_attributes": [],
          "private": "eyJzY2hlbWFfdmVyc2lvbiI6IjIifQ==",
          "dependencies": [
            "module.infrastructure_aws_manager.github_repository.repository"
          ]
        }
      ]
    },
    {
      "module": "module.infrastructure_aws_manager",
      "mode": "managed",
      "type": "github_repository",
      "name": "repository",
      "provider": "module.infrastructure_aws_manager.provider[\"registry.terraform.io/hashicorp/github\"]",
      "instances": [
        {
          "schema_version": 1,
          "attributes": {
            "allow_auto_merge": true,
            "allow_merge_commit": false,
            "allow_rebase_merge": true,
            "allow_squash_merge": true,
            "allow_update_branch": true,
            "archive_on_destroy": true,
            "archived": false,
            "auto_init": true,
            "default_branch": "main",
            "delete_branch_on_merge": true,
            "description": "Infrastructure-as-Code for managing AWS resources with Terraform",
            "etag": "W/\"05e9afc9ebf81c1a948621058cb08c72e3c9dc51d08a380bc26b63f03b341e02\"",
            "full_name": "shahid-2020/infrastructure-aws-manager",
            "git_clone_url": "git://github.com/shahid-2020/infrastructure-aws-manager.git",
            "gitignore_template": "Terraform",
            "has_discussions": true,
            "has_downloads": false,
            "has_issues": true,
            "has_projects": false,
            "has_wiki": false,
            "homepage_url": "",
            "html_url": "https://github.com/shahid-2020/infrastructure-aws-manager",
            "http_clone_url": "https://github.com/shahid-2020/infrastructure-aws-manager.git",
            "id": "infrastructure-aws-manager",
            "ignore_vulnerability_alerts_during_read": null,
            "is_template": false,
            "license_template": "mit",
            "merge_commit_message": "PR_TITLE",
            "merge_commit_title": "MERGE_MESSAGE",
            "name": "infrastructure-aws-manager",
            "node_id": "R_kgDOPHy9gg",
            "pages": [],
            "primary_language": "HCL",
            "private": false,
            "repo_id": 1014807938,
            "security_and_analysis": [
              {
                "advanced_security": [],
                "secret_scanning": [
                  {
                    "status": "enabled"
                  }
                ],
                "secret_scanning_push_protection": [
                  {
                    "status": "enabled"
                  }
                ]
              }
            ],
            "squash_merge_commit_message": "PR_BODY",
            "squash_merge_commit_title": "PR_TITLE",
            "ssh_clone_url": "git@github.com:shahid-2020/infrastructure-aws-manager.git",
            "svn_url": "https://github.com/shahid-2020/infrastructure-aws-manager",
            "template": [],
            "topics": [
              "aws",
              "infrastructure-as-code",
              "terraform"
            ],
            "visibility": "public",
            "vulnerability_alerts": true,
            "web_commit_signoff_required": false
          },
          "sensitive_attributes": [],
          "private": "eyJzY2hlbWFfdmVyc2lvbiI6IjEifQ=="
        }
      ]
    },
    {
      "module": "module.infrastructure_aws_manager",
      "mode": "managed",
      "type": "github_repository_dependabot_security_updates",
      "name": "dependabot_security_updates",
      "provider": "module.infrastructure_aws_manager.provider[\"registry.terraform.io/hashicorp/github\"]",
      "instances": [
        {
          "schema_version": 0,
          "attributes": {
            "enabled": true,
            "id": "infrastructure-aws-manager",
            "repository": "infrastructure-aws-manager"
          },
          "sensitive_attributes": [],
          "private": "bnVsbA==",
          "dependencies": [
            "module.infrastructure_aws_manager.github_repository.repository"
          ]
        }
      ]
    },
    {
      "module": "module.infrastructure_github_manager",
      "mode": "managed",
      "type": "github_actions_repository_permissions",
      "name": "actions_repository_permissions",
      "provider": "module.infrastructure_github_manager.provider[\"registry.terraform.io/hashicorp/github\"]",
      "instances": [
        {
          "schema_version": 0,
          "attributes": {
            "allowed_actions": "selected",
            "allowed_actions_config": [
              {
                "github_owned_allowed": true,
                "patterns_allowed": [],
                "verified_allowed": true
              }
            ],
            "enabled": true,
            "id": "infrastructure-github-manager",
            "repository": "infrastructure-github-manager"
          },
          "sensitive_attributes": [],
          "private": "bnVsbA==",
          "dependencies": [
            "module.infrastructure_github_manager.github_repository.repository"
          ]
        }
      ]
    },
    {
      "module": "module.infrastructure_github_manager",
      "mode": "managed",
      "type": "github_branch_default",
      "name": "main_branch_default",
      "provider": "module.infrastructure_github_manager.provider[\"registry.terraform.io/hashicorp/github\"]",
      "instances": [
        {
          "schema_version": 0,
          "attributes": {
            "branch": "main",
            "etag": "W/\"09252b7bc3fef6ab26f6f61f58015dd9681dae6f4a477061d3f5ed1badb13c28\"",
            "id": "infrastructure-github-manager",
            "rename": false,
            "repository": "infrastructure-github-manager"
          },
          "sensitive_attributes": [],
          "private": "bnVsbA==",
          "dependencies": [
            "module.infrastructure_github_manager.github_repository.repository"
          ]
        }
      ]
    },
    {
      "module": "module.infrastructure_github_manager",
      "mode": "managed",
      "type": "github_branch_protection",
      "name": "main_branch_protection",
      "provider": "module.infrastructure_github_manager.provider[\"registry.terraform.io/hashicorp/github\"]",
      "instances": [
        {
          "schema_version": 2,
          "attributes": {
            "allows_deletions": false,
            "allows_force_pushes": false,
            "enforce_admins": true,
            "force_push_bypassers": [],
            "id": "BPR_kwDOPHsEmc4D3i6R",
            "lock_branch": false,
            "pattern": "main",
            "repository_id": "R_kgDOPHsEmQ",
            "require_conversation_resolution": true,
            "require_signed_commits": false,
            "required_linear_history": false,
            "required_pull_request_reviews": [
              {
                "dismiss_stale_reviews": true,
                "dismissal_restrictions": [],
                "pull_request_bypassers": [],
                "require_code_owner_reviews": false,
                "require_last_push_approval": false,
                "required_approving_review_count": 0,
                "restrict_dismissals": false
              }
            ],
            "required_status_checks": [
              {
                "contexts": [],
                "strict": true
              }
            ],
            "restrict_pushes": []
          },
          "sensitive_attributes": [],
          "private": "eyJzY2hlbWFfdmVyc2lvbiI6IjIifQ==",
          "dependencies": [
            "module.infrastructure_github_manager.github_repository.repository"
          ]
        }
      ]
    },
    {
      "module": "module.infrastructure_github_manager",
      "mode": "managed",
      "type": "github_repository",
      "name": "repository",
      "provider": "module.infrastructure_github_manager.provider[\"registry.terraform.io/hashicorp/github\"]",
      "instances": [
        {
          "schema_version": 1,
          "attributes": {
            "allow_auto_merge": true,
            "allow_merge_commit": false,
            "allow_rebase_merge": true,
            "allow_squash_merge": true,
            "allow_update_branch": true,
            "archive_on_destroy": true,
            "archived": false,
            "auto_init": true,
            "default_branch": "main",
            "delete_branch_on_merge": true,
            "description": "Terraform-managed GitHub infrastructure",
            "etag": "W/\"09252b7bc3fef6ab26f6f61f58015dd9681dae6f4a477061d3f5ed1badb13c28\"",
            "full_name": "shahid-2020/infrastructure-github-manager",
            "git_clone_url": "git://github.com/shahid-2020/infrastructure-github-manager.git",
            "gitignore_template": "Terraform",
            "has_discussions": true,
            "has_downloads": false,
            "has_issues": true,
            "has_projects": false,
            "has_wiki": false,
            "homepage_url": "",
            "html_url": "https://github.com/shahid-2020/infrastructure-github-manager",
            "http_clone_url": "https://github.com/shahid-2020/infrastructure-github-manager.git",
            "id": "infrastructure-github-manager",
            "ignore_vulnerability_alerts_during_read": null,
            "is_template": false,
            "license_template": "mit",
            "merge_commit_message": "PR_TITLE",
            "merge_commit_title": "MERGE_MESSAGE",
            "name": "infrastructure-github-manager",
            "node_id": "R_kgDOPHsEmQ",
            "pages": [],
            "primary_language": "HCL",
            "private": false,
            "repo_id": 1014695065,
            "security_and_analysis": [
              {
                "advanced_security": [],
                "secret_scanning": [
                  {
                    "status": "enabled"
                  }
                ],
                "secret_scanning_push_protection": [
                  {
                    "status": "enabled"
                  }
                ]
              }
            ],
            "squash_merge_commit_message": "PR_BODY",
            "squash_merge_commit_title": "PR_TITLE",
            "ssh_clone_url": "git@github.com:shahid-2020/infrastructure-github-manager.git",
            "svn_url": "https://github.com/shahid-2020/infrastructure-github-manager",
            "template": [],
            "topics": [
              "infrastructure-as-code",
              "terraform"
            ],
            "visibility": "public",
            "vulnerability_alerts": true,
            "web_commit_signoff_required": false
          },
          "sensitive_attributes": [],
          "private": "eyJzY2hlbWFfdmVyc2lvbiI6IjEifQ=="
        }
      ]
    },
    {
      "module": "module.infrastructure_github_manager",
      "mode": "managed",
      "type": "github_repository_dependabot_security_updates",
      "name": "dependabot_security_updates",
      "provider": "module.infrastructure_github_manager.provider[\"registry.terraform.io/hashicorp/github\"]",
      "instances": [
        {
          "schema_version": 0,
          "attributes": {
            "enabled": true,
            "id": "infrastructure-github-manager",
            "repository": "infrastructure-github-manager"
          },
          "sensitive_attributes": [],
          "private": "bnVsbA==",
          "dependencies": [
            "module.infrastructure_github_manager.github_repository.repository"
          ]
        }
      ]
    },
    {
      "module": "module.network_traffic_analyzer",
      "mode": "managed",
      "type": "github_actions_repository_permissions",
      "name": "actions_repository_permissions",
      "provider": "module.network_traffic_analyzer.provider[\"registry.terraform.io/hashicorp/github\"]",
      "instances": [
        {
          "schema_version": 0,
          "attributes": {
            "allowed_actions": "selected",
            "allowed_actions_config": [
              {
                "github_owned_allowed": true,
                "patterns_allowed": [],
                "verified_allowed": true
              }
            ],
            "enabled": true,
            "id": "network-traffic-analyzer",
            "repository": "network-traffic-analyzer"
          },
          "sensitive_attributes": [],
          "private": "bnVsbA==",
          "dependencies": [
            "module.network_traffic_analyzer.github_repository.repository"
          ]
        }
      ]
    },
    {
      "module": "module.network_traffic_analyzer",
      "mode": "managed",
      "type": "github_branch_default",
      "name": "main_branch_default",
      "provider": "module.network_traffic_analyzer.provider[\"registry.terraform.io/hashicorp/github\"]",
      "instances": [
        {
          "schema_version": 0,
          "attributes": {
            "branch": "main",
            "etag": "W/\"e244bd0e6cb8f52c47c9c1cbb052d36e7f8093babfa81225f05760221e3a1132\"",
            "id": "network-traffic-analyzer",
            "rename": false,
            "repository": "network-traffic-analyzer"
          },
          "sensitive_attributes": [],
          "private": "bnVsbA==",
          "dependencies": [
            "module.network_traffic_analyzer.github_repository.repository"
          ]
        }
      ]
    },
    {
      "module": "module.network_traffic_analyzer",
      "mode": "managed",
      "type": "github_branch_protection",
      "name": "main_branch_protection",
      "provider": "module.network_traffic_analyzer.provider[\"registry.terraform.io/hashicorp/github\"]",
      "instances": [
        {
          "schema_version": 2,
          "attributes": {
            "allows_deletions": false,
            "allows_force_pushes": false,
            "enforce_admins": true,
            "force_push_bypassers": [],
            "id": "BPR_kwDOPHv5Rc4D3jd8",
            "lock_branch": false,
            "pattern": "main",
            "repository_id": "R_kgDOPHv5RQ",
            "require_conversation_resolution": true,
            "require_signed_commits": false,
            "required_linear_history": false,
            "required_pull_request_reviews": [
              {
                "dismiss_stale_reviews": true,
                "dismissal_restrictions": [],
                "pull_request_bypassers": [],
                "require_code_owner_reviews": false,
                "require_last_push_approval": false,
                "required_approving_review_count": 0,
                "restrict_dismissals": false
              }
            ],
            "required_status_checks": [
              {
                "contexts": [],
                "strict": true
              }
            ],
            "restrict_pushes": []
          },
          "sensitive_attributes": [],
          "private": "eyJzY2hlbWFfdmVyc2lvbiI6IjIifQ==",
          "dependencies": [
            "module.network_traffic_analyzer.github_repository.repository"
          ]
        }
      ]
    },
    {
      "module": "module.network_traffic_analyzer",
      "mode": "managed",
      "type": "github_repository",
      "name": "repository",
      "provider": "module.network_traffic_analyzer.provider[\"registry.terraform.io/hashicorp/github\"]",
      "instances": [
        {
          "schema_version": 1,
          "attributes": {
            "allow_auto_merge": true,
            "allow_merge_commit": false,
            "allow_rebase_merge": true,
            "allow_squash_merge": true,
            "allow_update_branch": true,
            "archive_on_destroy": true,
            "archived": false,
            "auto_init": true,
            "default_branch": "main",
            "delete_branch_on_merge": true,
            "description": "Network Traffic Analyzer using C",
            "etag": "W/\"e244bd0e6cb8f52c47c9c1cbb052d36e7f8093babfa81225f05760221e3a1132\"",
            "full_name": "shahid-2020/network-traffic-analyzer",
            "git_clone_url": "git://github.com/shahid-2020/network-traffic-analyzer.git",
            "gitignore_template": "C",
            "has_discussions": true,
            "has_downloads": false,
            "has_issues": true,
            "has_projects": false,
            "has_wiki": false,
            "homepage_url": "",
            "html_url": "https://github.com/shahid-2020/network-traffic-analyzer",
            "http_clone_url": "https://github.com/shahid-2020/network-traffic-analyzer.git",
            "id": "network-traffic-analyzer",
            "ignore_vulnerability_alerts_during_read": null,
            "is_template": false,
            "license_template": "mit",
            "merge_commit_message": "PR_TITLE",
            "merge_commit_title": "MERGE_MESSAGE",
            "name": "network-traffic-analyzer",
            "node_id": "R_kgDOPHv5RQ",
            "pages": [],
            "primary_language": "C",
            "private": false,
            "repo_id": 1014757701,
            "security_and_analysis": [
              {
                "advanced_security": [],
                "secret_scanning": [
                  {
                    "status": "enabled"
                  }
                ],
                "secret_scanning_push_protection": [
                  {
                    "status": "enabled"
                  }
                ]
              }
            ],
            "squash_merge_commit_message": "PR_BODY",
            "squash_merge_commit_title": "PR_TITLE",
            "ssh_clone_url": "git@github.com:shahid-2020/network-traffic-analyzer.git",
            "svn_url": "https://github.com/shahid-2020/network-traffic-analyzer",
            "template": [],
            "topics": [
              "c",
              "networking"
            ],
            "visibility": "public",
            "vulnerability_alerts": true,
            "web_commit_signoff_required": false
          },
          "sensitive_attributes": [],
          "private": "eyJzY2hlbWFfdmVyc2lvbiI6IjEifQ=="
        }
      ]
    },
    {
      "module": "module.network_traffic_analyzer",
      "mode": "managed",
      "type": "github_repository_dependabot_security_updates",
      "name": "dependabot_security_updates",
      "provider": "module.network_traffic_analyzer.provider[\"registry.terraform.io/hashicorp/github\"]",
      "instances": [
        {
          "schema_version": 0,
          "attributes": {
            "enabled": true,
            "id": "network-traffic-analyzer",
            "repository": "network-traffic-analyzer"
          },
          "sensitive_attributes": [],
          "private": "bnVsbA==",
          "dependencies": [
            "module.network_traffic_analyzer.github_repository.repository"
          ]
        }
      ]
    },
    {
      "module": "module.shahid_2020",
      "mode": "managed",
      "type": "github_actions_repository_permissions",
      "name": "actions_repository_permissions",
      "provider": "module.shahid_2020.provider[\"registry.terraform.io/hashicorp/github\"]",
      "instances": [
        {
          "schema_version": 0,
          "attributes": {
            "allowed_actions": "selected",
            "allowed_actions_config": [
              {
                "github_owned_allowed": true,
                "patterns_allowed": [],
                "verified_allowed": true
              }
            ],
            "enabled": true,
            "id": "shahid-2020",
            "repository": "shahid-2020"
          },
          "sensitive_attributes": [],
          "private": "bnVsbA==",
          "dependencies": [
            "module.shahid_2020.github_repository.repository"
          ]
        }
      ]
    },
    {
      "module": "module.shahid_2020",
      "mode": "managed",
      "type": "github_branch_default",
      "name": "main_branch_default",
      "provider": "module.shahid_2020.provider[\"registry.terraform.io/hashicorp/github\"]",
      "instances": [
        {
          "schema_version": 0,
          "attributes": {
            "branch": "main",
            "etag": "W/\"ae976369fe6e732e293dbca5e18600a90dd268e8c1cc29f74de6c5e5dac765a2\"",
            "id": "shahid-2020",
            "rename": false,
            "repository": "shahid-2020"
          },
          "sensitive_attributes": [],
          "private": "bnVsbA==",
          "dependencies": [
            "module.shahid_2020.github_repository.repository"
          ]
        }
      ]
    },
    {
      "module": "module.shahid_2020",
      "mode": "managed",
      "type": "github_branch_protection",
      "name": "main_branch_protection",
      "provider": "module.shahid_2020.provider[\"registry.terraform.io/hashicorp/github\"]",
      "instances": [
        {
          "schema_version": 2,
          "attributes": {
            "allows_deletions": false,
            "allows_force_pushes": false,
            "enforce_admins": true,
            "force_push_bypassers": [],
            "id": "BPR_kwDOPHw9os4D3jmk",
            "lock_branch": false,
            "pattern": "main",
            "repository_id": "R_kgDOPHw9og",
            "require_conversation_resolution": true,
            "require_signed_commits": false,
            "required_linear_history": false,
            "required_pull_request_reviews": [
              {
                "dismiss_stale_reviews": true,
                "dismissal_restrictions": [],
                "pull_request_bypassers": [],
                "require_code_owner_reviews": false,
                "require_last_push_approval": false,
                "required_approving_review_count": 0,
                "restrict_dismissals": false
              }
            ],
            "required_status_checks": [
              {
                "contexts": [],
                "strict": true
              }
            ],
            "restrict_pushes": []
          },
          "sensitive_attributes": [],
          "private": "eyJzY2hlbWFfdmVyc2lvbiI6IjIifQ==",
          "dependencies": [
            "module.shahid_2020.github_repository.repository"
          ]
        }
      ]
    },
    {
      "module": "module.shahid_2020",
      "mode": "managed",
      "type": "github_repository",
      "name": "repository",
      "provider": "module.shahid_2020.provider[\"registry.terraform.io/hashicorp/github\"]",
      "instances": [
        {
          "schema_version": 1,
          "attributes": {
            "allow_auto_merge": true,
            "allow_merge_commit": false,
            "allow_rebase_merge": true,
            "allow_squash_merge": true,
            "allow_update_branch": true,
            "archive_on_destroy": true,
            "archived": false,
            "auto_init": true,
            "default_branch": "main",
            "delete_branch_on_merge": true,
            "description": "GitHub repository for profile",
            "etag": "W/\"ae976369fe6e732e293dbca5e18600a90dd268e8c1cc29f74de6c5e5dac765a2\"",
            "full_name": "shahid-2020/shahid-2020",
            "git_clone_url": "git://github.com/shahid-2020/shahid-2020.git",
            "gitignore_template": null,
            "has_discussions": true,
            "has_downloads": false,
            "has_issues": true,
            "has_projects": false,
            "has_wiki": false,
            "homepage_url": "",
            "html_url": "https://github.com/shahid-2020/shahid-2020",
            "http_clone_url": "https://github.com/shahid-2020/shahid-2020.git",
            "id": "shahid-2020",
            "ignore_vulnerability_alerts_during_read": null,
            "is_template": false,
            "license_template": "mit",
            "merge_commit_message": "PR_TITLE",
            "merge_commit_title": "MERGE_MESSAGE",
            "name": "shahid-2020",
            "node_id": "R_kgDOPHw9og",
            "pages": [],
            "primary_language": "",
            "private": false,
            "repo_id": 1014775202,
            "security_and_analysis": [
              {
                "advanced_security": [],
                "secret_scanning": [
                  {
                    "status": "enabled"
                  }
                ],
                "secret_scanning_push_protection": [
                  {
                    "status": "enabled"
                  }
                ]
              }
            ],
            "squash_merge_commit_message": "PR_BODY",
            "squash_merge_commit_title": "PR_TITLE",
            "ssh_clone_url": "git@github.com:shahid-2020/shahid-2020.git",
            "svn_url": "https://github.com/shahid-2020/shahid-2020",
            "template": [],
            "topics": [
              "profile"
            ],
            "visibility": "public",
            "vulnerability_alerts": true,
            "web_commit_signoff_required": false
          },
          "sensitive_attributes": [],
          "private": "eyJzY2hlbWFfdmVyc2lvbiI6IjEifQ=="
        }
      ]
    },
    {
      "module": "module.shahid_2020",
      "mode": "managed",
      "type": "github_repository_dependabot_security_updates",
      "name": "dependabot_security_updates",
      "provider": "module.shahid_2020.provider[\"registry.terraform.io/hashicorp/github\"]",
      "instances": [
        {
          "schema_version": 0,
          "attributes": {
            "enabled": true,
            "id": "shahid-2020",
            "repository": "shahid-2020"
          },
          "sensitive_attributes": [],
          "private": "bnVsbA==",
          "dependencies": [
            "module.shahid_2020.github_repository.repository"
          ]
        }
      ]
    },
    {
      "module": "module.techind",
      "mode": "managed",
      "type": "github_actions_repository_permissions",
      "name": "actions_repository_permissions",
      "provider": "module.techind.provider[\"registry.terraform.io/hashicorp/github\"]",
      "instances": [
        {
          "schema_version": 0,
          "attributes": {
            "allowed_actions": "selected",
            "allowed_actions_config": [
              {
                "github_owned_allowed": true,
                "patterns_allowed": [],
                "verified_allowed": true
              }
            ],
            "enabled": true,
            "id": "techind",
            "repository": "techind"
          },
          "sensitive_attributes": [],
          "private": "bnVsbA==",
          "dependencies": [
            "module.techind.github_repository.repository"
          ]
        }
      ]
    },
    {
      "module": "module.techind",
      "mode": "managed",
      "type": "github_branch_default",
      "name": "main_branch_default",
      "provider": "module.techind.provider[\"registry.terraform.io/hashicorp/github\"]",
      "instances": [
        {
          "schema_version": 0,
          "attributes": {
            "branch": "main",
            "etag": "W/\"d8bf2bc28caebd287c5604b81a7a1c8b7ada9ad63917d07e609bffd32631c3e7\"",
            "id": "techind",
            "rename": false,
            "repository": "techind"
          },
          "sensitive_attributes": [],
          "private": "bnVsbA==",
          "dependencies": [
            "module.techind.github_repository.repository"
          ]
        }
      ]
    },
    {
      "module": "module.techind",
      "mode": "managed",
      "type": "github_branch_protection",
      "name": "main_branch_protection",
      "provider": "module.techind.provider[\"registry.terraform.io/hashicorp/github\"]",
      "instances": [
        {
          "schema_version": 2,
          "attributes": {
            "allows_deletions": false,
            "allows_force_pushes": false,
            "enforce_admins": true,
            "force_push_bypassers": [],
            "id": "BPR_kwDOP4q8XM4EDkeO",
            "lock_branch": false,
            "pattern": "main",
            "repository_id": "R_kgDOP4q8XA",
            "require_conversation_resolution": true,
            "require_signed_commits": false,
            "required_linear_history": false,
            "required_pull_request_reviews": [
              {
                "dismiss_stale_reviews": true,
                "dismissal_restrictions": [],
                "pull_request_bypassers": [],
                "require_code_owner_reviews": false,
                "require_last_push_approval": false,
                "required_approving_review_count": 0,
                "restrict_dismissals": false
              }
            ],
            "required_status_checks": [
              {
                "contexts": [],
                "strict": true
              }
            ],
            "restrict_pushes": []
          },
          "sensitive_attributes": [],
          "private": "eyJzY2hlbWFfdmVyc2lvbiI6IjIifQ==",
          "dependencies": [
            "module.techind.github_repository.repository"
          ]
        }
      ]
    },
    {
      "module": "module.techind",
      "mode": "managed",
      "type": "github_repository",
      "name": "repository",
      "provider": "module.techind.provider[\"registry.terraform.io/hashicorp/github\"]",
      "instances": [
        {
          "schema_version": 1,
          "attributes": {
            "allow_auto_merge": true,
            "allow_merge_commit": false,
            "allow_rebase_merge": true,
            "allow_squash_merge": true,
            "allow_update_branch": true,
            "archive_on_destroy": true,
            "archived": false,
            "auto_init": true,
            "default_branch": "main",
            "delete_branch_on_merge": true,
            "description": "Comprehensive technical indicators library for Go - Moving Averages, Oscillators, Momentum, Volatility, and more",
            "etag": "W/\"d8bf2bc28caebd287c5604b81a7a1c8b7ada9ad63917d07e609bffd32631c3e7\"",
            "full_name": "shahid-2020/techind",
            "git_clone_url": "git://github.com/shahid-2020/techind.git",
            "gitignore_template": "Go",
            "has_discussions": true,
            "has_downloads": false,
            "has_issues": true,
            "has_projects": false,
            "has_wiki": false,
            "homepage_url": "",
            "html_url": "https://github.com/shahid-2020/techind",
            "http_clone_url": "https://github.com/shahid-2020/techind.git",
            "id": "techind",
            "ignore_vulnerability_alerts_during_read": null,
            "is_template": false,
            "license_template": "mit",
            "merge_commit_message": "PR_TITLE",
            "merge_commit_title": "MERGE_MESSAGE",
            "name": "techind",
            "node_id": "R_kgDOP4q8XA",
            "pages": [],
            "primary_language": "Go",
            "private": false,
            "repo_id": 1066056796,
            "security_and_analysis": [
              {
                "advanced_security": [],
                "secret_scanning": [
                  {
                    "status": "enabled"
                  }
                ],
                "secret_scanning_push_protection": [
                  {
                    "status": "enabled"
                  }
                ]
              }
            ],
            "squash_merge_commit_message": "PR_BODY",
            "squash_merge_commit_title": "PR_TITLE",
            "ssh_clone_url": "git@github.com:shahid-2020/techind.git",
            "svn_url": "https://github.com/shahid-2020/techind",
            "template": [],
            "topics": [
              "algorithmic-trading",
              "backtesting",
              "financial-analysis",
              "go",
              "quantitative-finance",
              "technical-analysis",
              "trading-bot",
              "trading-indicators"
            ],
            "visibility": "public",
            "vulnerability_alerts": true,
            "web_commit_signoff_required": false
          },
          "sensitive_attributes": [],
          "private": "eyJzY2hlbWFfdmVyc2lvbiI6IjEifQ=="
        }
      ]
    },
    {
      "module": "module.techind",
      "mode": "managed",
      "type": "github_repository_dependabot_security_updates",
      "name": "dependabot_security_updates",
      "provider": "module.techind.provider[\"registry.terraform.io/hashicorp/github\"]",
      "instances": [
        {
          "schema_version": 0,
          "attributes": {
            "enabled": true,
            "id": "techind",
            "repository": "techind"
          },
          "sensitive_attributes": [],
          "private": "bnVsbA==",
          "dependencies": [
            "module.techind.github_repository.repository"
          ]
        }
      ]
    },
    {
      "module": "module.trading_server",
      "mode": "managed",
      "type": "github_actions_repository_permissions",
      "name": "actions_repository_permissions",
      "provider": "module.trading_server.provider[\"registry.terraform.io/hashicorp/github\"]",
      "instances": [
        {
          "schema_version": 0,
          "attributes": {
            "allowed_actions": "selected",
            "allowed_actions_config": [
              {
                "github_owned_allowed": true,
                "patterns_allowed": null,
                "verified_allowed": true
              }
            ],
            "enabled": true,
            "id": "trading-server",
            "repository": "trading-server"
          },
          "sensitive_attributes": [],
          "private": "bnVsbA==",
          "dependencies": [
            "module.trading_server.github_repository.repository"
          ]
        }
      ]
    },
    {
      "module": "module.trading_server",
      "mode": "managed",
      "type": "github_branch_default",
      "name": "main_branch_default",
      "provider": "module.trading_server.provider[\"registry.terraform.io/hashicorp/github\"]",
      "instances": [
        {
          "schema_version": 0,
          "attributes": {
            "branch": "main",
            "etag": "W/\"259453e290d21674202b9193eed2ff4063a7151aa9198b7f29046528db3aad48\"",
            "id": "trading-server",
            "rename": false,
            "repository": "trading-server"
          },
          "sensitive_attributes": [],
          "private": "bnVsbA==",
          "dependencies": [
            "module.trading_server.github_repository.repository"
          ]
        }
      ]
    },
    {
      "module": "module.trading_server",
      "mode": "managed",
      "type": "github_branch_protection",
      "name": "main_branch_protection",
      "provider": "module.trading_server.provider[\"registry.terraform.io/hashicorp/github\"]",
      "instances": [
        {
          "schema_version": 2,
          "attributes": {
            "allows_deletions": false,
            "allows_force_pushes": false,
            "enforce_admins": true,
            "force_push_bypassers": null,
            "id": "BPR_kwDOP8YmZs4EEciv",
            "lock_branch": false,
            "pattern": "main",
            "repository_id": "R_kgDOP8YmZg",
            "require_conversation_resolution": true,
            "require_signed_commits": false,
            "required_linear_history": false,
            "required_pull_request_reviews": [
              {
                "dismiss_stale_reviews": true,
                "dismissal_restrictions": null,
                "pull_request_bypassers": null,
                "require_code_owner_reviews": false,
                "require_last_push_approval": false,
                "required_approving_review_count": 0,
                "restrict_dismissals": false
              }
            ],
            "required_status_checks": [
              {
                "contexts": null,
                "strict": true
              }
            ],
            "restrict_pushes": []
          },
          "sensitive_attributes": [],
          "private": "eyJzY2hlbWFfdmVyc2lvbiI6IjIifQ==",
          "dependencies": [
            "module.trading_server.github_repository.repository"
          ]
        }
      ]
    },
    {
      "module": "module.trading_server",
      "mode": "managed",
      "type": "github_repository",
      "name": "repository",
      "provider": "module.trading_server.provider[\"registry.terraform.io/hashicorp/github\"]",
      "instances": [
        {
          "schema_version": 1,
          "attributes": {
            "allow_auto_merge": true,
            "allow_merge_commit": false,
            "allow_rebase_merge": true,
            "allow_squash_merge": true,
            "allow_update_branch": true,
            "archive_on_destroy": true,
            "archived": false,
            "auto_init": true,
            "default_branch": "main",
            "delete_branch_on_merge": true,
            "description": "High-performance trading server with real-time market data, order execution, and strategy management",
            "etag": "W/\"3cb4da042abd6b70d9d5954c83f82399bcd0729755d437889dc6bc434ab016c8\"",
            "full_name": "shahid-2020/trading-server",
            "git_clone_url": "git://github.com/shahid-2020/trading-server.git",
            "gitignore_template": "Go",
            "has_discussions": true,
            "has_downloads": false,
            "has_issues": true,
            "has_projects": false,
            "has_wiki": false,
            "homepage_url": "",
            "html_url": "https://github.com/shahid-2020/trading-server",
            "http_clone_url": "https://github.com/shahid-2020/trading-server.git",
            "id": "trading-server",
            "ignore_vulnerability_alerts_during_read": null,
            "is_template": false,
            "license_template": "mit",
            "merge_commit_message": "PR_TITLE",
            "merge_commit_title": "MERGE_MESSAGE",
            "name": "trading-server",
            "node_id": "R_kgDOP8YmZg",
            "pages": [],
            "primary_language": "",
            "private": false,
            "repo_id": 1069950566,
            "security_and_analysis": [
              {
                "advanced_security": [],
                "secret_scanning": [
                  {
                    "status": "enabled"
                  }
                ],
                "secret_scanning_push_protection": [
                  {
                    "status": "enabled"
                  }
                ]
              }
            ],
            "squash_merge_commit_message": "PR_BODY",
            "squash_merge_commit_title": "PR_TITLE",
            "ssh_clone_url": "git@github.com:shahid-2020/trading-server.git",
            "svn_url": "https://github.com/shahid-2020/trading-server",
            "template": [],
            "topics": [
              "algorithmic-trading",
              "trading-server"
            ],
            "visibility": "public",
            "vulnerability_alerts": true,
            "web_commit_signoff_required": false
          },
          "sensitive_attributes": [],
          "private": "eyJzY2hlbWFfdmVyc2lvbiI6IjEifQ=="
        }
      ]
    },
    {
      "module": "module.trading_server",
      "mode": "managed",
      "type": "github_repository_dependabot_security_updates",
      "name": "dependabot_security_updates",
      "provider": "module.trading_server.provider[\"registry.terraform.io/hashicorp/github\"]",
      "instances": [
        {
          "schema_version": 0,
          "attributes": {
            "enabled": true,
            "id": "trading-server",
            "repository": "trading-server"
          },
          "sensitive_attributes": [],
          "private": "bnVsbA==",
          "dependencies": [
            "module.trading_server.github_repository.repository"
          ]
        }
      ]
    }
  ],
  "check_results": null
}
