{
  "version": 4,
  "terraform_version": "1.11.1",
  "serial": 81,
  "lineage": "ede4fe97-238e-bc00-f175-83eb101e58dc",
  "outputs": {},
  "resources": [
    {
      "module": "module.ims_be",
      "mode": "managed",
      "type": "github_actions_repository_permissions",
      "name": "actions_repository_permissions",
      "provider": "module.ims_be.provider[\"registry.terraform.io/hashicorp/github\"]",
      "instances": [
        {
          "schema_version": 0,
          "attributes": {
            "allowed_actions": "selected",
            "allowed_actions_config": [
              {
                "github_owned_allowed": true,
                "patterns_allowed": [],
                "verified_allowed": true
              }
            ],
            "enabled": true,
            "id": "ims-be",
            "repository": "ims-be"
          },
          "sensitive_attributes": [],
          "private": "bnVsbA==",
          "dependencies": [
            "module.ims_be.github_repository.repository"
          ]
        }
      ]
    },
    {
      "module": "module.ims_be",
      "mode": "managed",
      "type": "github_branch_default",
      "name": "main_branch_default",
      "provider": "module.ims_be.provider[\"registry.terraform.io/hashicorp/github\"]",
      "instances": [
        {
          "schema_version": 0,
          "attributes": {
            "branch": "main",
            "etag": "W/\"95a93f4908a6c43b1238677b5470997c1e8c30acfaae3022823b8b4dedb64f0c\"",
            "id": "ims-be",
            "rename": false,
            "repository": "ims-be"
          },
          "sensitive_attributes": [],
          "private": "bnVsbA==",
          "dependencies": [
            "module.ims_be.github_repository.repository"
          ]
        }
      ]
    },
    {
      "module": "module.ims_be",
      "mode": "managed",
      "type": "github_branch_protection",
      "name": "main_branch_protection",
      "provider": "module.ims_be.provider[\"registry.terraform.io/hashicorp/github\"]",
      "instances": [
        {
          "schema_version": 2,
          "attributes": {
            "allows_deletions": false,
            "allows_force_pushes": false,
            "enforce_admins": true,
            "force_push_bypassers": [],
            "id": "BPR_kwDOPLxUK84D4wZu",
            "lock_branch": false,
            "pattern": "main",
            "repository_id": "R_kgDOPLxUKw",
            "require_conversation_resolution": true,
            "require_signed_commits": false,
            "required_linear_history": false,
            "required_pull_request_reviews": [
              {
                "dismiss_stale_reviews": true,
                "dismissal_restrictions": [],
                "pull_request_bypassers": [],
                "require_code_owner_reviews": false,
                "require_last_push_approval": false,
                "required_approving_review_count": 0,
                "restrict_dismissals": false
              }
            ],
            "required_status_checks": [
              {
                "contexts": [],
                "strict": true
              }
            ],
            "restrict_pushes": []
          },
          "sensitive_attributes": [],
          "private": "eyJzY2hlbWFfdmVyc2lvbiI6IjIifQ==",
          "dependencies": [
            "module.ims_be.github_repository.repository"
          ]
        }
      ]
    },
    {
      "module": "module.ims_be",
      "mode": "managed",
      "type": "github_repository",
      "name": "repository",
      "provider": "module.ims_be.provider[\"registry.terraform.io/hashicorp/github\"]",
      "instances": [
        {
          "schema_version": 1,
          "attributes": {
            "allow_auto_merge": true,
            "allow_merge_commit": false,
            "allow_rebase_merge": true,
            "allow_squash_merge": true,
            "allow_update_branch": true,
            "archive_on_destroy": true,
            "archived": false,
            "auto_init": true,
            "default_branch": "main",
            "delete_branch_on_merge": true,
            "description": "IMS Backend",
            "etag": "W/\"95a93f4908a6c43b1238677b5470997c1e8c30acfaae3022823b8b4dedb64f0c\"",
            "full_name": "shahid-2020/ims-be",
            "git_clone_url": "git://github.com/shahid-2020/ims-be.git",
            "gitignore_template": null,
            "has_discussions": true,
            "has_downloads": false,
            "has_issues": true,
            "has_projects": false,
            "has_wiki": false,
            "homepage_url": "",
            "html_url": "https://github.com/shahid-2020/ims-be",
            "http_clone_url": "https://github.com/shahid-2020/ims-be.git",
            "id": "ims-be",
            "ignore_vulnerability_alerts_during_read": null,
            "is_template": false,
            "license_template": "",
            "merge_commit_message": "PR_TITLE",
            "merge_commit_title": "MERGE_MESSAGE",
            "name": "ims-be",
            "node_id": "R_kgDOPLxUKw",
            "pages": [],
            "primary_language": "",
            "private": false,
            "repo_id": 1018975275,
            "security_and_analysis": [
              {
                "advanced_security": [],
                "secret_scanning": [
                  {
                    "status": "disabled"
                  }
                ],
                "secret_scanning_push_protection": [
                  {
                    "status": "disabled"
                  }
                ]
              }
            ],
            "squash_merge_commit_message": "PR_BODY",
            "squash_merge_commit_title": "PR_TITLE",
            "ssh_clone_url": "git@github.com:shahid-2020/ims-be.git",
            "svn_url": "https://github.com/shahid-2020/ims-be",
            "template": [],
            "topics": [
              "aws",
              "backend",
              "python",
              "serverless",
              "terraform"
            ],
            "visibility": "public",
            "vulnerability_alerts": true,
            "web_commit_signoff_required": false
          },
          "sensitive_attributes": [],
          "private": "eyJzY2hlbWFfdmVyc2lvbiI6IjEifQ=="
        }
      ]
    },
    {
      "module": "module.ims_be",
      "mode": "managed",
      "type": "github_repository_dependabot_security_updates",
      "name": "dependabot_security_updates",
      "provider": "module.ims_be.provider[\"registry.terraform.io/hashicorp/github\"]",
      "instances": [
        {
          "schema_version": 0,
          "attributes": {
            "enabled": true,
            "id": "ims-be",
            "repository": "ims-be"
          },
          "sensitive_attributes": [],
          "private": "bnVsbA==",
          "dependencies": [
            "module.ims_be.github_repository.repository"
          ]
        }
      ]
    },
    {
      "module": "module.ims_be",
      "mode": "managed",
      "type": "github_repository_environment",
      "name": "repository_environment",
      "provider": "module.ims_be.provider[\"registry.terraform.io/hashicorp/github\"]",
      "instances": [
        {
          "index_key": 0,
          "schema_version": 0,
          "attributes": {
            "can_admins_bypass": true,
            "deployment_branch_policy": [
              {
                "custom_branch_policies": false,
                "protected_branches": true
              }
            ],
            "environment": "production",
            "id": "ims-be:production",
            "prevent_self_review": false,
            "repository": "ims-be",
            "reviewers": [],
            "wait_timer": 0
          },
          "sensitive_attributes": [],
          "private": "bnVsbA==",
          "dependencies": [
            "module.ims_be.github_repository.repository"
          ]
        },
        {
          "index_key": 1,
          "schema_version": 0,
          "attributes": {
            "can_admins_bypass": true,
            "deployment_branch_policy": [
              {
                "custom_branch_policies": true,
                "protected_branches": false
              }
            ],
            "environment": "staging",
            "id": "ims-be:staging",
            "prevent_self_review": false,
            "repository": "ims-be",
            "reviewers": [],
            "wait_timer": 0
          },
          "sensitive_attributes": [],
          "private": "bnVsbA==",
          "dependencies": [
            "module.ims_be.github_repository.repository"
          ]
        }
      ]
    },
    {
      "module": "module.ims_fe",
      "mode": "managed",
      "type": "github_actions_repository_permissions",
      "name": "actions_repository_permissions",
      "provider": "module.ims_fe.provider[\"registry.terraform.io/hashicorp/github\"]",
      "instances": [
        {
          "schema_version": 0,
          "attributes": {
            "allowed_actions": "selected",
            "allowed_actions_config": [
              {
                "github_owned_allowed": true,
                "patterns_allowed": null,
                "verified_allowed": true
              }
            ],
            "enabled": true,
            "id": "ims-fe",
            "repository": "ims-fe"
          },
          "sensitive_attributes": [],
          "private": "bnVsbA==",
          "dependencies": [
            "module.ims_fe.github_repository.repository"
          ]
        }
      ]
    },
    {
      "module": "module.ims_fe",
      "mode": "managed",
      "type": "github_branch_default",
      "name": "main_branch_default",
      "provider": "module.ims_fe.provider[\"registry.terraform.io/hashicorp/github\"]",
      "instances": [
        {
          "schema_version": 0,
          "attributes": {
            "branch": "main",
            "etag": "W/\"435dabe2fa6b8c6515a0ced94c7452799607e7aa87a6d7c83b96df784769f566\"",
            "id": "ims-fe",
            "rename": false,
            "repository": "ims-fe"
          },
          "sensitive_attributes": [],
          "private": "bnVsbA==",
          "dependencies": [
            "module.ims_fe.github_repository.repository"
          ]
        }
      ]
    },
    {
      "module": "module.ims_fe",
      "mode": "managed",
      "type": "github_branch_protection",
      "name": "main_branch_protection",
      "provider": "module.ims_fe.provider[\"registry.terraform.io/hashicorp/github\"]",
      "instances": [
        {
          "schema_version": 2,
          "attributes": {
            "allows_deletions": false,
            "allows_force_pushes": false,
            "enforce_admins": true,
            "force_push_bypassers": null,
            "id": "BPR_kwDOPLxhjs4D4waC",
            "lock_branch": false,
            "pattern": "main",
            "repository_id": "R_kgDOPLxhjg",
            "require_conversation_resolution": true,
            "require_signed_commits": false,
            "required_linear_history": false,
            "required_pull_request_reviews": [
              {
                "dismiss_stale_reviews": true,
                "dismissal_restrictions": null,
                "pull_request_bypassers": null,
                "require_code_owner_reviews": false,
                "require_last_push_approval": false,
                "required_approving_review_count": 0,
                "restrict_dismissals": false
              }
            ],
            "required_status_checks": [
              {
                "contexts": null,
                "strict": true
              }
            ],
            "restrict_pushes": []
          },
          "sensitive_attributes": [],
          "private": "eyJzY2hlbWFfdmVyc2lvbiI6IjIifQ==",
          "dependencies": [
            "module.ims_fe.github_repository.repository"
          ]
        }
      ]
    },
    {
      "module": "module.ims_fe",
      "mode": "managed",
      "type": "github_repository",
      "name": "repository",
      "provider": "module.ims_fe.provider[\"registry.terraform.io/hashicorp/github\"]",
      "instances": [
        {
          "schema_version": 1,
          "attributes": {
            "allow_auto_merge": true,
            "allow_merge_commit": false,
            "allow_rebase_merge": true,
            "allow_squash_merge": true,
            "allow_update_branch": true,
            "archive_on_destroy": true,
            "archived": false,
            "auto_init": true,
            "default_branch": "main",
            "delete_branch_on_merge": true,
            "description": "IMS Frontend",
            "etag": "W/\"971154a114916476412f7b4e3212ae6903535ddbbdfbf9009583841ed08b5c73\"",
            "full_name": "shahid-2020/ims-fe",
            "git_clone_url": "git://github.com/shahid-2020/ims-fe.git",
            "gitignore_template": null,
            "has_discussions": true,
            "has_downloads": false,
            "has_issues": true,
            "has_projects": false,
            "has_wiki": false,
            "homepage_url": "",
            "html_url": "https://github.com/shahid-2020/ims-fe",
            "http_clone_url": "https://github.com/shahid-2020/ims-fe.git",
            "id": "ims-fe",
            "ignore_vulnerability_alerts_during_read": null,
            "is_template": false,
            "license_template": "",
            "merge_commit_message": "PR_TITLE",
            "merge_commit_title": "MERGE_MESSAGE",
            "name": "ims-fe",
            "node_id": "R_kgDOPLxhjg",
            "pages": [],
            "primary_language": "",
            "private": false,
            "repo_id": 1018978702,
            "security_and_analysis": [
              {
                "advanced_security": [],
                "secret_scanning": [
                  {
                    "status": "enabled"
                  }
                ],
                "secret_scanning_push_protection": [
                  {
                    "status": "enabled"
                  }
                ]
              }
            ],
            "squash_merge_commit_message": "PR_BODY",
            "squash_merge_commit_title": "PR_TITLE",
            "ssh_clone_url": "git@github.com:shahid-2020/ims-fe.git",
            "svn_url": "https://github.com/shahid-2020/ims-fe",
            "template": [],
            "topics": [
              "frontend",
              "javascript",
              "react",
              "terraform",
              "typescript"
            ],
            "visibility": "public",
            "vulnerability_alerts": true,
            "web_commit_signoff_required": false
          },
          "sensitive_attributes": [],
          "private": "eyJzY2hlbWFfdmVyc2lvbiI6IjEifQ=="
        }
      ]
    },
    {
      "module": "module.ims_fe",
      "mode": "managed",
      "type": "github_repository_dependabot_security_updates",
      "name": "dependabot_security_updates",
      "provider": "module.ims_fe.provider[\"registry.terraform.io/hashicorp/github\"]",
      "instances": [
        {
          "schema_version": 0,
          "attributes": {
            "enabled": true,
            "id": "ims-fe",
            "repository": "ims-fe"
          },
          "sensitive_attributes": [],
          "private": "bnVsbA==",
          "dependencies": [
            "module.ims_fe.github_repository.repository"
          ]
        }
      ]
    },
    {
      "module": "module.ims_fe",
      "mode": "managed",
      "type": "github_repository_environment",
      "name": "repository_environment",
      "provider": "module.ims_fe.provider[\"registry.terraform.io/hashicorp/github\"]",
      "instances": [
        {
          "index_key": 0,
          "schema_version": 0,
          "attributes": {
            "can_admins_bypass": true,
            "deployment_branch_policy": [
              {
                "custom_branch_policies": false,
                "protected_branches": true
              }
            ],
            "environment": "production",
            "id": "ims-fe:production",
            "prevent_self_review": false,
            "repository": "ims-fe",
            "reviewers": [],
            "wait_timer": 0
          },
          "sensitive_attributes": [],
          "private": "bnVsbA==",
          "dependencies": [
            "module.ims_fe.github_repository.repository"
          ]
        },
        {
          "index_key": 1,
          "schema_version": 0,
          "attributes": {
            "can_admins_bypass": true,
            "deployment_branch_policy": [
              {
                "custom_branch_policies": true,
                "protected_branches": false
              }
            ],
            "environment": "staging",
            "id": "ims-fe:staging",
            "prevent_self_review": false,
            "repository": "ims-fe",
            "reviewers": [],
            "wait_timer": 0
          },
          "sensitive_attributes": [],
          "private": "bnVsbA==",
          "dependencies": [
            "module.ims_fe.github_repository.repository"
          ]
        }
      ]
    },
    {
      "module": "module.infrastructure_aws_manager",
      "mode": "managed",
      "type": "github_actions_repository_permissions",
      "name": "actions_repository_permissions",
      "provider": "module.infrastructure_aws_manager.provider[\"registry.terraform.io/hashicorp/github\"]",
      "instances": [
        {
          "schema_version": 0,
          "attributes": {
            "allowed_actions": "selected",
            "allowed_actions_config": [
              {
                "github_owned_allowed": true,
                "patterns_allowed": [],
                "verified_allowed": true
              }
            ],
            "enabled": true,
            "id": "infrastructure-aws-manager",
            "repository": "infrastructure-aws-manager"
          },
          "sensitive_attributes": [],
          "private": "bnVsbA==",
          "dependencies": [
            "module.infrastructure_aws_manager.github_repository.repository"
          ]
        }
      ]
    },
    {
      "module": "module.infrastructure_aws_manager",
      "mode": "managed",
      "type": "github_branch_default",
      "name": "main_branch_default",
      "provider": "module.infrastructure_aws_manager.provider[\"registry.terraform.io/hashicorp/github\"]",
      "instances": [
        {
          "schema_version": 0,
          "attributes": {
            "branch": "main",
            "etag": "W/\"99fdfa1531eab790ef529fb4157e6aabf0a93dadc05f797636c2016d53233d5c\"",
            "id": "infrastructure-aws-manager",
            "rename": false,
            "repository": "infrastructure-aws-manager"
          },
          "sensitive_attributes": [],
          "private": "bnVsbA==",
          "dependencies": [
            "module.infrastructure_aws_manager.github_repository.repository"
          ]
        }
      ]
    },
    {
      "module": "module.infrastructure_aws_manager",
      "mode": "managed",
      "type": "github_branch_protection",
      "name": "main_branch_protection",
      "provider": "module.infrastructure_aws_manager.provider[\"registry.terraform.io/hashicorp/github\"]",
      "instances": [
        {
          "schema_version": 2,
          "attributes": {
            "allows_deletions": false,
            "allows_force_pushes": false,
            "enforce_admins": true,
            "force_push_bypassers": [],
            "id": "BPR_kwDOPHy9gs4D3j9o",
            "lock_branch": false,
            "pattern": "main",
            "repository_id": "R_kgDOPHy9gg",
            "require_conversation_resolution": true,
            "require_signed_commits": false,
            "required_linear_history": false,
            "required_pull_request_reviews": [
              {
                "dismiss_stale_reviews": true,
                "dismissal_restrictions": [],
                "pull_request_bypassers": [],
                "require_code_owner_reviews": false,
                "require_last_push_approval": false,
                "required_approving_review_count": 0,
                "restrict_dismissals": false
              }
            ],
            "required_status_checks": [
              {
                "contexts": [],
                "strict": true
              }
            ],
            "restrict_pushes": []
          },
          "sensitive_attributes": [],
          "private": "eyJzY2hlbWFfdmVyc2lvbiI6IjIifQ==",
          "dependencies": [
            "module.infrastructure_aws_manager.github_repository.repository"
          ]
        }
      ]
    },
    {
      "module": "module.infrastructure_aws_manager",
      "mode": "managed",
      "type": "github_repository",
      "name": "repository",
      "provider": "module.infrastructure_aws_manager.provider[\"registry.terraform.io/hashicorp/github\"]",
      "instances": [
        {
          "schema_version": 1,
          "attributes": {
            "allow_auto_merge": true,
            "allow_merge_commit": false,
            "allow_rebase_merge": true,
            "allow_squash_merge": true,
            "allow_update_branch": true,
            "archive_on_destroy": true,
            "archived": false,
            "auto_init": true,
            "default_branch": "main",
            "delete_branch_on_merge": true,
            "description": "Infrastructure-as-Code for managing AWS resources with Terraform",
            "etag": "W/\"99fdfa1531eab790ef529fb4157e6aabf0a93dadc05f797636c2016d53233d5c\"",
            "full_name": "shahid-2020/infrastructure-aws-manager",
            "git_clone_url": "git://github.com/shahid-2020/infrastructure-aws-manager.git",
            "gitignore_template": "Terraform",
            "has_discussions": true,
            "has_downloads": false,
            "has_issues": true,
            "has_projects": false,
            "has_wiki": false,
            "homepage_url": "",
            "html_url": "https://github.com/shahid-2020/infrastructure-aws-manager",
            "http_clone_url": "https://github.com/shahid-2020/infrastructure-aws-manager.git",
            "id": "infrastructure-aws-manager",
            "ignore_vulnerability_alerts_during_read": null,
            "is_template": false,
            "license_template": "mit",
            "merge_commit_message": "PR_TITLE",
            "merge_commit_title": "MERGE_MESSAGE",
            "name": "infrastructure-aws-manager",
            "node_id": "R_kgDOPHy9gg",
            "pages": [],
            "primary_language": "HCL",
            "private": false,
            "repo_id": 1014807938,
            "security_and_analysis": [
              {
                "advanced_security": [],
                "secret_scanning": [
                  {
                    "status": "enabled"
                  }
                ],
                "secret_scanning_push_protection": [
                  {
                    "status": "enabled"
                  }
                ]
              }
            ],
            "squash_merge_commit_message": "PR_BODY",
            "squash_merge_commit_title": "PR_TITLE",
            "ssh_clone_url": "git@github.com:shahid-2020/infrastructure-aws-manager.git",
            "svn_url": "https://github.com/shahid-2020/infrastructure-aws-manager",
            "template": [],
            "topics": [
              "aws",
              "infrastructure-as-code",
              "terraform"
            ],
            "visibility": "public",
            "vulnerability_alerts": true,
            "web_commit_signoff_required": false
          },
          "sensitive_attributes": [],
          "private": "eyJzY2hlbWFfdmVyc2lvbiI6IjEifQ=="
        }
      ]
    },
    {
      "module": "module.infrastructure_aws_manager",
      "mode": "managed",
      "type": "github_repository_dependabot_security_updates",
      "name": "dependabot_security_updates",
      "provider": "module.infrastructure_aws_manager.provider[\"registry.terraform.io/hashicorp/github\"]",
      "instances": [
        {
          "schema_version": 0,
          "attributes": {
            "enabled": true,
            "id": "infrastructure-aws-manager",
            "repository": "infrastructure-aws-manager"
          },
          "sensitive_attributes": [],
          "private": "bnVsbA==",
          "dependencies": [
            "module.infrastructure_aws_manager.github_repository.repository"
          ]
        }
      ]
    },
    {
      "module": "module.infrastructure_github_manager",
      "mode": "managed",
      "type": "github_actions_repository_permissions",
      "name": "actions_repository_permissions",
      "provider": "module.infrastructure_github_manager.provider[\"registry.terraform.io/hashicorp/github\"]",
      "instances": [
        {
          "schema_version": 0,
          "attributes": {
            "allowed_actions": "selected",
            "allowed_actions_config": [
              {
                "github_owned_allowed": true,
                "patterns_allowed": [],
                "verified_allowed": true
              }
            ],
            "enabled": true,
            "id": "infrastructure-github-manager",
            "repository": "infrastructure-github-manager"
          },
          "sensitive_attributes": [],
          "private": "bnVsbA==",
          "dependencies": [
            "module.infrastructure_github_manager.github_repository.repository"
          ]
        }
      ]
    },
    {
      "module": "module.infrastructure_github_manager",
      "mode": "managed",
      "type": "github_branch_default",
      "name": "main_branch_default",
      "provider": "module.infrastructure_github_manager.provider[\"registry.terraform.io/hashicorp/github\"]",
      "instances": [
        {
          "schema_version": 0,
          "attributes": {
            "branch": "main",
            "etag": "W/\"04e162a87d0f6cc6defd6abe752d24c1c54c93078c9f166e53b4431512f14134\"",
            "id": "infrastructure-github-manager",
            "rename": false,
            "repository": "infrastructure-github-manager"
          },
          "sensitive_attributes": [],
          "private": "bnVsbA==",
          "dependencies": [
            "module.infrastructure_github_manager.github_repository.repository"
          ]
        }
      ]
    },
    {
      "module": "module.infrastructure_github_manager",
      "mode": "managed",
      "type": "github_branch_protection",
      "name": "main_branch_protection",
      "provider": "module.infrastructure_github_manager.provider[\"registry.terraform.io/hashicorp/github\"]",
      "instances": [
        {
          "schema_version": 2,
          "attributes": {
            "allows_deletions": false,
            "allows_force_pushes": false,
            "enforce_admins": true,
            "force_push_bypassers": [],
            "id": "BPR_kwDOPHsEmc4D3i6R",
            "lock_branch": false,
            "pattern": "main",
            "repository_id": "R_kgDOPHsEmQ",
            "require_conversation_resolution": true,
            "require_signed_commits": false,
            "required_linear_history": false,
            "required_pull_request_reviews": [
              {
                "dismiss_stale_reviews": true,
                "dismissal_restrictions": [],
                "pull_request_bypassers": [],
                "require_code_owner_reviews": false,
                "require_last_push_approval": false,
                "required_approving_review_count": 0,
                "restrict_dismissals": false
              }
            ],
            "required_status_checks": [
              {
                "contexts": [],
                "strict": true
              }
            ],
            "restrict_pushes": []
          },
          "sensitive_attributes": [],
          "private": "eyJzY2hlbWFfdmVyc2lvbiI6IjIifQ==",
          "dependencies": [
            "module.infrastructure_github_manager.github_repository.repository"
          ]
        }
      ]
    },
    {
      "module": "module.infrastructure_github_manager",
      "mode": "managed",
      "type": "github_repository",
      "name": "repository",
      "provider": "module.infrastructure_github_manager.provider[\"registry.terraform.io/hashicorp/github\"]",
      "instances": [
        {
          "schema_version": 1,
          "attributes": {
            "allow_auto_merge": true,
            "allow_merge_commit": false,
            "allow_rebase_merge": true,
            "allow_squash_merge": true,
            "allow_update_branch": true,
            "archive_on_destroy": true,
            "archived": false,
            "auto_init": true,
            "default_branch": "main",
            "delete_branch_on_merge": true,
            "description": "Terraform-managed GitHub infrastructure",
            "etag": "W/\"04e162a87d0f6cc6defd6abe752d24c1c54c93078c9f166e53b4431512f14134\"",
            "full_name": "shahid-2020/infrastructure-github-manager",
            "git_clone_url": "git://github.com/shahid-2020/infrastructure-github-manager.git",
            "gitignore_template": "Terraform",
            "has_discussions": true,
            "has_downloads": false,
            "has_issues": true,
            "has_projects": false,
            "has_wiki": false,
            "homepage_url": "",
            "html_url": "https://github.com/shahid-2020/infrastructure-github-manager",
            "http_clone_url": "https://github.com/shahid-2020/infrastructure-github-manager.git",
            "id": "infrastructure-github-manager",
            "ignore_vulnerability_alerts_during_read": null,
            "is_template": false,
            "license_template": "mit",
            "merge_commit_message": "PR_TITLE",
            "merge_commit_title": "MERGE_MESSAGE",
            "name": "infrastructure-github-manager",
            "node_id": "R_kgDOPHsEmQ",
            "pages": [],
            "primary_language": "HCL",
            "private": false,
            "repo_id": 1014695065,
            "security_and_analysis": [
              {
                "advanced_security": [],
                "secret_scanning": [
                  {
                    "status": "enabled"
                  }
                ],
                "secret_scanning_push_protection": [
                  {
                    "status": "enabled"
                  }
                ]
              }
            ],
            "squash_merge_commit_message": "PR_BODY",
            "squash_merge_commit_title": "PR_TITLE",
            "ssh_clone_url": "git@github.com:shahid-2020/infrastructure-github-manager.git",
            "svn_url": "https://github.com/shahid-2020/infrastructure-github-manager",
            "template": [],
            "topics": [
              "infrastructure-as-code",
              "terraform"
            ],
            "visibility": "public",
            "vulnerability_alerts": true,
            "web_commit_signoff_required": false
          },
          "sensitive_attributes": [],
          "private": "eyJzY2hlbWFfdmVyc2lvbiI6IjEifQ=="
        }
      ]
    },
    {
      "module": "module.infrastructure_github_manager",
      "mode": "managed",
      "type": "github_repository_dependabot_security_updates",
      "name": "dependabot_security_updates",
      "provider": "module.infrastructure_github_manager.provider[\"registry.terraform.io/hashicorp/github\"]",
      "instances": [
        {
          "schema_version": 0,
          "attributes": {
            "enabled": true,
            "id": "infrastructure-github-manager",
            "repository": "infrastructure-github-manager"
          },
          "sensitive_attributes": [],
          "private": "bnVsbA==",
          "dependencies": [
            "module.infrastructure_github_manager.github_repository.repository"
          ]
        }
      ]
    },
    {
      "module": "module.network_traffic_analyzer",
      "mode": "managed",
      "type": "github_actions_repository_permissions",
      "name": "actions_repository_permissions",
      "provider": "module.network_traffic_analyzer.provider[\"registry.terraform.io/hashicorp/github\"]",
      "instances": [
        {
          "schema_version": 0,
          "attributes": {
            "allowed_actions": "selected",
            "allowed_actions_config": [
              {
                "github_owned_allowed": true,
                "patterns_allowed": [],
                "verified_allowed": true
              }
            ],
            "enabled": true,
            "id": "network-traffic-analyzer",
            "repository": "network-traffic-analyzer"
          },
          "sensitive_attributes": [],
          "private": "bnVsbA==",
          "dependencies": [
            "module.network_traffic_analyzer.github_repository.repository"
          ]
        }
      ]
    },
    {
      "module": "module.network_traffic_analyzer",
      "mode": "managed",
      "type": "github_branch_default",
      "name": "main_branch_default",
      "provider": "module.network_traffic_analyzer.provider[\"registry.terraform.io/hashicorp/github\"]",
      "instances": [
        {
          "schema_version": 0,
          "attributes": {
            "branch": "main",
            "etag": "W/\"e244bd0e6cb8f52c47c9c1cbb052d36e7f8093babfa81225f05760221e3a1132\"",
            "id": "network-traffic-analyzer",
            "rename": false,
            "repository": "network-traffic-analyzer"
          },
          "sensitive_attributes": [],
          "private": "bnVsbA==",
          "dependencies": [
            "module.network_traffic_analyzer.github_repository.repository"
          ]
        }
      ]
    },
    {
      "module": "module.network_traffic_analyzer",
      "mode": "managed",
      "type": "github_branch_protection",
      "name": "main_branch_protection",
      "provider": "module.network_traffic_analyzer.provider[\"registry.terraform.io/hashicorp/github\"]",
      "instances": [
        {
          "schema_version": 2,
          "attributes": {
            "allows_deletions": false,
            "allows_force_pushes": false,
            "enforce_admins": true,
            "force_push_bypassers": [],
            "id": "BPR_kwDOPHv5Rc4D3jd8",
            "lock_branch": false,
            "pattern": "main",
            "repository_id": "R_kgDOPHv5RQ",
            "require_conversation_resolution": true,
            "require_signed_commits": false,
            "required_linear_history": false,
            "required_pull_request_reviews": [
              {
                "dismiss_stale_reviews": true,
                "dismissal_restrictions": [],
                "pull_request_bypassers": [],
                "require_code_owner_reviews": false,
                "require_last_push_approval": false,
                "required_approving_review_count": 0,
                "restrict_dismissals": false
              }
            ],
            "required_status_checks": [
              {
                "contexts": [],
                "strict": true
              }
            ],
            "restrict_pushes": []
          },
          "sensitive_attributes": [],
          "private": "eyJzY2hlbWFfdmVyc2lvbiI6IjIifQ==",
          "dependencies": [
            "module.network_traffic_analyzer.github_repository.repository"
          ]
        }
      ]
    },
    {
      "module": "module.network_traffic_analyzer",
      "mode": "managed",
      "type": "github_repository",
      "name": "repository",
      "provider": "module.network_traffic_analyzer.provider[\"registry.terraform.io/hashicorp/github\"]",
      "instances": [
        {
          "schema_version": 1,
          "attributes": {
            "allow_auto_merge": true,
            "allow_merge_commit": false,
            "allow_rebase_merge": true,
            "allow_squash_merge": true,
            "allow_update_branch": true,
            "archive_on_destroy": true,
            "archived": false,
            "auto_init": true,
            "default_branch": "main",
            "delete_branch_on_merge": true,
            "description": "Network Traffic Analyzer using C",
            "etag": "W/\"e244bd0e6cb8f52c47c9c1cbb052d36e7f8093babfa81225f05760221e3a1132\"",
            "full_name": "shahid-2020/network-traffic-analyzer",
            "git_clone_url": "git://github.com/shahid-2020/network-traffic-analyzer.git",
            "gitignore_template": "C",
            "has_discussions": true,
            "has_downloads": false,
            "has_issues": true,
            "has_projects": false,
            "has_wiki": false,
            "homepage_url": "",
            "html_url": "https://github.com/shahid-2020/network-traffic-analyzer",
            "http_clone_url": "https://github.com/shahid-2020/network-traffic-analyzer.git",
            "id": "network-traffic-analyzer",
            "ignore_vulnerability_alerts_during_read": null,
            "is_template": false,
            "license_template": "mit",
            "merge_commit_message": "PR_TITLE",
            "merge_commit_title": "MERGE_MESSAGE",
            "name": "network-traffic-analyzer",
            "node_id": "R_kgDOPHv5RQ",
            "pages": [],
            "primary_language": "C",
            "private": false,
            "repo_id": 1014757701,
            "security_and_analysis": [
              {
                "advanced_security": [],
                "secret_scanning": [
                  {
                    "status": "enabled"
                  }
                ],
                "secret_scanning_push_protection": [
                  {
                    "status": "enabled"
                  }
                ]
              }
            ],
            "squash_merge_commit_message": "PR_BODY",
            "squash_merge_commit_title": "PR_TITLE",
            "ssh_clone_url": "git@github.com:shahid-2020/network-traffic-analyzer.git",
            "svn_url": "https://github.com/shahid-2020/network-traffic-analyzer",
            "template": [],
            "topics": [
              "c",
              "networking"
            ],
            "visibility": "public",
            "vulnerability_alerts": true,
            "web_commit_signoff_required": false
          },
          "sensitive_attributes": [],
          "private": "eyJzY2hlbWFfdmVyc2lvbiI6IjEifQ=="
        }
      ]
    },
    {
      "module": "module.network_traffic_analyzer",
      "mode": "managed",
      "type": "github_repository_dependabot_security_updates",
      "name": "dependabot_security_updates",
      "provider": "module.network_traffic_analyzer.provider[\"registry.terraform.io/hashicorp/github\"]",
      "instances": [
        {
          "schema_version": 0,
          "attributes": {
            "enabled": true,
            "id": "network-traffic-analyzer",
            "repository": "network-traffic-analyzer"
          },
          "sensitive_attributes": [],
          "private": "bnVsbA==",
          "dependencies": [
            "module.network_traffic_analyzer.github_repository.repository"
          ]
        }
      ]
    },
    {
      "module": "module.shahid_2020",
      "mode": "managed",
      "type": "github_actions_repository_permissions",
      "name": "actions_repository_permissions",
      "provider": "module.shahid_2020.provider[\"registry.terraform.io/hashicorp/github\"]",
      "instances": [
        {
          "schema_version": 0,
          "attributes": {
            "allowed_actions": "selected",
            "allowed_actions_config": [
              {
                "github_owned_allowed": true,
                "patterns_allowed": [],
                "verified_allowed": true
              }
            ],
            "enabled": true,
            "id": "shahid-2020",
            "repository": "shahid-2020"
          },
          "sensitive_attributes": [],
          "private": "bnVsbA==",
          "dependencies": [
            "module.shahid_2020.github_repository.repository"
          ]
        }
      ]
    },
    {
      "module": "module.shahid_2020",
      "mode": "managed",
      "type": "github_branch_default",
      "name": "main_branch_default",
      "provider": "module.shahid_2020.provider[\"registry.terraform.io/hashicorp/github\"]",
      "instances": [
        {
          "schema_version": 0,
          "attributes": {
            "branch": "main",
            "etag": "W/\"ae976369fe6e732e293dbca5e18600a90dd268e8c1cc29f74de6c5e5dac765a2\"",
            "id": "shahid-2020",
            "rename": false,
            "repository": "shahid-2020"
          },
          "sensitive_attributes": [],
          "private": "bnVsbA==",
          "dependencies": [
            "module.shahid_2020.github_repository.repository"
          ]
        }
      ]
    },
    {
      "module": "module.shahid_2020",
      "mode": "managed",
      "type": "github_branch_protection",
      "name": "main_branch_protection",
      "provider": "module.shahid_2020.provider[\"registry.terraform.io/hashicorp/github\"]",
      "instances": [
        {
          "schema_version": 2,
          "attributes": {
            "allows_deletions": false,
            "allows_force_pushes": false,
            "enforce_admins": true,
            "force_push_bypassers": [],
            "id": "BPR_kwDOPHw9os4D3jmk",
            "lock_branch": false,
            "pattern": "main",
            "repository_id": "R_kgDOPHw9og",
            "require_conversation_resolution": true,
            "require_signed_commits": false,
            "required_linear_history": false,
            "required_pull_request_reviews": [
              {
                "dismiss_stale_reviews": true,
                "dismissal_restrictions": [],
                "pull_request_bypassers": [],
                "require_code_owner_reviews": false,
                "require_last_push_approval": false,
                "required_approving_review_count": 0,
                "restrict_dismissals": false
              }
            ],
            "required_status_checks": [
              {
                "contexts": [],
                "strict": true
              }
            ],
            "restrict_pushes": []
          },
          "sensitive_attributes": [],
          "private": "eyJzY2hlbWFfdmVyc2lvbiI6IjIifQ==",
          "dependencies": [
            "module.shahid_2020.github_repository.repository"
          ]
        }
      ]
    },
    {
      "module": "module.shahid_2020",
      "mode": "managed",
      "type": "github_repository",
      "name": "repository",
      "provider": "module.shahid_2020.provider[\"registry.terraform.io/hashicorp/github\"]",
      "instances": [
        {
          "schema_version": 1,
          "attributes": {
            "allow_auto_merge": true,
            "allow_merge_commit": false,
            "allow_rebase_merge": true,
            "allow_squash_merge": true,
            "allow_update_branch": true,
            "archive_on_destroy": true,
            "archived": false,
            "auto_init": true,
            "default_branch": "main",
            "delete_branch_on_merge": true,
            "description": "GitHub repository for profile",
            "etag": "W/\"ae976369fe6e732e293dbca5e18600a90dd268e8c1cc29f74de6c5e5dac765a2\"",
            "full_name": "shahid-2020/shahid-2020",
            "git_clone_url": "git://github.com/shahid-2020/shahid-2020.git",
            "gitignore_template": null,
            "has_discussions": true,
            "has_downloads": false,
            "has_issues": true,
            "has_projects": false,
            "has_wiki": false,
            "homepage_url": "",
            "html_url": "https://github.com/shahid-2020/shahid-2020",
            "http_clone_url": "https://github.com/shahid-2020/shahid-2020.git",
            "id": "shahid-2020",
            "ignore_vulnerability_alerts_during_read": null,
            "is_template": false,
            "license_template": "mit",
            "merge_commit_message": "PR_TITLE",
            "merge_commit_title": "MERGE_MESSAGE",
            "name": "shahid-2020",
            "node_id": "R_kgDOPHw9og",
            "pages": [],
            "primary_language": "",
            "private": false,
            "repo_id": 1014775202,
            "security_and_analysis": [
              {
                "advanced_security": [],
                "secret_scanning": [
                  {
                    "status": "enabled"
                  }
                ],
                "secret_scanning_push_protection": [
                  {
                    "status": "enabled"
                  }
                ]
              }
            ],
            "squash_merge_commit_message": "PR_BODY",
            "squash_merge_commit_title": "PR_TITLE",
            "ssh_clone_url": "git@github.com:shahid-2020/shahid-2020.git",
            "svn_url": "https://github.com/shahid-2020/shahid-2020",
            "template": [],
            "topics": [
              "profile"
            ],
            "visibility": "public",
            "vulnerability_alerts": true,
            "web_commit_signoff_required": false
          },
          "sensitive_attributes": [],
          "private": "eyJzY2hlbWFfdmVyc2lvbiI6IjEifQ=="
        }
      ]
    },
    {
      "module": "module.shahid_2020",
      "mode": "managed",
      "type": "github_repository_dependabot_security_updates",
      "name": "dependabot_security_updates",
      "provider": "module.shahid_2020.provider[\"registry.terraform.io/hashicorp/github\"]",
      "instances": [
        {
          "schema_version": 0,
          "attributes": {
            "enabled": true,
            "id": "shahid-2020",
            "repository": "shahid-2020"
          },
          "sensitive_attributes": [],
          "private": "bnVsbA==",
          "dependencies": [
            "module.shahid_2020.github_repository.repository"
          ]
        }
      ]
    }
  ],
  "check_results": null
}
